// !$*UTF8*$!
{
	archiveVersion = 1;
	classes = {
	};
	objectVersion = 46;
	objects = {

/* Begin PBXBuildFile section */
		F93FEF3A1C2AABD300224509 /* QRCTImageUploader.h in CopyFiles */ = {isa = PBXBuildFile; fileRef = F93FEF391C2AABD300224509 /* QRCTImageUploader.h */; };
		F93FEF3C1C2AABD300224509 /* QRCTImageUploader.m in Sources */ = {isa = PBXBuildFile; fileRef = F93FEF3B1C2AABD300224509 /* QRCTImageUploader.m */; };
		F93FEF5D1C2AC61F00224509 /* QRCTDataUploader.m in Sources */ = {isa = PBXBuildFile; fileRef = F93FEF5C1C2AC61F00224509 /* QRCTDataUploader.m */; };
		F93FEF601C2AD86300224509 /* QRCTImageCompresser.m in Sources */ = {isa = PBXBuildFile; fileRef = F93FEF5F1C2AD86300224509 /* QRCTImageCompresser.m */; };
/* End PBXBuildFile section */

/* Begin PBXCopyFilesBuildPhase section */
		F93FEF341C2AABD300224509 /* CopyFiles */ = {
			isa = PBXCopyFilesBuildPhase;
			buildActionMask = 2147483647;
			dstPath = "include/$(PRODUCT_NAME)";
			dstSubfolderSpec = 16;
			files = (
				F93FEF3A1C2AABD300224509 /* QRCTImageUploader.h in CopyFiles */,
			);
			runOnlyForDeploymentPostprocessing = 0;
		};
/* End PBXCopyFilesBuildPhase section */

/* Begin PBXFileReference section */
		F93FEF361C2AABD300224509 /* libQRCTImageUpload.a */ = {isa = PBXFileReference; explicitFileType = archive.ar; includeInIndex = 0; path = libQRCTImageUpload.a; sourceTree = BUILT_PRODUCTS_DIR; };
		F93FEF391C2AABD300224509 /* QRCTImageUploader.h */ = {isa = PBXFileReference; lastKnownFileType = sourcecode.c.h; path = QRCTImageUploader.h; sourceTree = "<group>"; };
		F93FEF3B1C2AABD300224509 /* QRCTImageUploader.m */ = {isa = PBXFileReference; lastKnownFileType = sourcecode.c.objc; path = QRCTImageUploader.m; sourceTree = "<group>"; };
		F93FEF5B1C2AC61F00224509 /* QRCTDataUploader.h */ = {isa = PBXFileReference; fileEncoding = 4; lastKnownFileType = sourcecode.c.h; path = QRCTDataUploader.h; sourceTree = "<group>"; };
		F93FEF5C1C2AC61F00224509 /* QRCTDataUploader.m */ = {isa = PBXFileReference; fileEncoding = 4; lastKnownFileType = sourcecode.c.objc; path = QRCTDataUploader.m; sourceTree = "<group>"; };
		F93FEF5E1C2AD86300224509 /* QRCTImageCompresser.h */ = {isa = PBXFileReference; fileEncoding = 4; lastKnownFileType = sourcecode.c.h; path = QRCTImageCompresser.h; sourceTree = "<group>"; };
		F93FEF5F1C2AD86300224509 /* QRCTImageCompresser.m */ = {isa = PBXFileReference; fileEncoding = 4; lastKnownFileType = sourcecode.c.objc; path = QRCTImageCompresser.m; sourceTree = "<group>"; };
/* End PBXFileReference section */

/* Begin PBXFrameworksBuildPhase section */
		F93FEF331C2AABD300224509 /* Frameworks */ = {
			isa = PBXFrameworksBuildPhase;
			buildActionMask = 2147483647;
			files = (
			);
			runOnlyForDeploymentPostprocessing = 0;
		};
/* End PBXFrameworksBuildPhase section */

/* Begin PBXGroup section */
		F93FEF2D1C2AABD300224509 = {
			isa = PBXGroup;
			children = (
				F93FEF381C2AABD300224509 /* QRCTImageUpload */,
				F93FEF371C2AABD300224509 /* Products */,
			);
			sourceTree = "<group>";
		};
		F93FEF371C2AABD300224509 /* Products */ = {
			isa = PBXGroup;
			children = (
				F93FEF361C2AABD300224509 /* libQRCTImageUpload.a */,
			);
			name = Products;
			sourceTree = "<group>";
		};
		F93FEF381C2AABD300224509 /* QRCTImageUpload */ = {
			isa = PBXGroup;
			children = (
				F93FEF391C2AABD300224509 /* QRCTImageUploader.h */,
				F93FEF3B1C2AABD300224509 /* QRCTImageUploader.m */,
				F93FEF5B1C2AC61F00224509 /* QRCTDataUploader.h */,
				F93FEF5C1C2AC61F00224509 /* QRCTDataUploader.m */,
				F93FEF5E1C2AD86300224509 /* QRCTImageCompresser.h */,
				F93FEF5F1C2AD86300224509 /* QRCTImageCompresser.m */,
			);
			path = QRCTImageUpload;
			sourceTree = "<group>";
		};
/* End PBXGroup section */

/* Begin PBXNativeTarget section */
		F93FEF351C2AABD300224509 /* QRCTImageUpload */ = {
			isa = PBXNativeTarget;
			buildConfigurationList = F93FEF3F1C2AABD300224509 /* Build configuration list for PBXNativeTarget "QRCTImageUpload" */;
			buildPhases = (
				F93FEF321C2AABD300224509 /* Sources */,
				F93FEF331C2AABD300224509 /* Frameworks */,
				F93FEF341C2AABD300224509 /* CopyFiles */,
			);
			buildRules = (
			);
			dependencies = (
			);
			name = QRCTImageUpload;
			productName = QRCTImageUpload;
			productReference = F93FEF361C2AABD300224509 /* libQRCTImageUpload.a */;
			productType = "com.apple.product-type.library.static";
		};
/* End PBXNativeTarget section */

/* Begin PBXProject section */
		F93FEF2E1C2AABD300224509 /* Project object */ = {
			isa = PBXProject;
			attributes = {
				LastUpgradeCheck = 0720;
				ORGANIZATIONNAME = qunar.com;
				TargetAttributes = {
					F93FEF351C2AABD300224509 = {
						CreatedOnToolsVersion = 7.2;
					};
				};
			};
			buildConfigurationList = F93FEF311C2AABD300224509 /* Build configuration list for PBXProject "QRCTImageUpload" */;
			compatibilityVersion = "Xcode 3.2";
			developmentRegion = English;
			hasScannedForEncodings = 0;
			knownRegions = (
				en,
			);
			mainGroup = F93FEF2D1C2AABD300224509;
			productRefGroup = F93FEF371C2AABD300224509 /* Products */;
			projectDirPath = "";
			projectRoot = "";
			targets = (
				F93FEF351C2AABD300224509 /* QRCTImageUpload */,
			);
		};
/* End PBXProject section */

/* Begin PBXSourcesBuildPhase section */
		F93FEF321C2AABD300224509 /* Sources */ = {
			isa = PBXSourcesBuildPhase;
			buildActionMask = 2147483647;
			files = (
				F93FEF3C1C2AABD300224509 /* QRCTImageUploader.m in Sources */,
				F93FEF5D1C2AC61F00224509 /* QRCTDataUploader.m in Sources */,
				F93FEF601C2AD86300224509 /* QRCTImageCompresser.m in Sources */,
			);
			runOnlyForDeploymentPostprocessing = 0;
		};
/* End PBXSourcesBuildPhase section */

/* Begin XCBuildConfiguration section */
		F93FEF3D1C2AABD300224509 /* Debug */ = {
			isa = XCBuildConfiguration;
			buildSettings = {
				ALWAYS_SEARCH_USER_PATHS = NO;
				CLANG_CXX_LANGUAGE_STANDARD = "gnu++0x";
				CLANG_CXX_LIBRARY = "libc++";
				CLANG_ENABLE_MODULES = YES;
				CLANG_ENABLE_OBJC_ARC = YES;
				CLANG_WARN_BOOL_CONVERSION = YES;
				CLANG_WARN_CONSTANT_CONVERSION = YES;
				CLANG_WARN_DIRECT_OBJC_ISA_USAGE = YES_ERROR;
				CLANG_WARN_EMPTY_BODY = YES;
				CLANG_WARN_ENUM_CONVERSION = YES;
				CLANG_WARN_INT_CONVERSION = YES;
				CLANG_WARN_OBJC_ROOT_CLASS = YES_ERROR;
				CLANG_WARN_UNREACHABLE_CODE = YES;
				CLANG_WARN__DUPLICATE_METHOD_MATCH = YES;
				"CODE_SIGN_IDENTITY[sdk=iphoneos*]" = "iPhone Developer";
				COPY_PHASE_STRIP = NO;
				DEBUG_INFORMATION_FORMAT = dwarf;
				ENABLE_STRICT_OBJC_MSGSEND = YES;
				ENABLE_TESTABILITY = YES;
				GCC_C_LANGUAGE_STANDARD = gnu99;
				GCC_DYNAMIC_NO_PIC = NO;
				GCC_NO_COMMON_BLOCKS = YES;
				GCC_OPTIMIZATION_LEVEL = 0;
				GCC_PREPROCESSOR_DEFINITIONS = (
					"DEBUG=1",
					"$(inherited)",
				);
				GCC_WARN_64_TO_32_BIT_CONVERSION = YES;
				GCC_WARN_ABOUT_RETURN_TYPE = YES_ERROR;
				GCC_WARN_UNDECLARED_SELECTOR = YES;
				GCC_WARN_UNINITIALIZED_AUTOS = YES_AGGRESSIVE;
				GCC_WARN_UNUSED_FUNCTION = YES;
				GCC_WARN_UNUSED_VARIABLE = YES;
				IPHONEOS_DEPLOYMENT_TARGET = 9.2;
				MTL_ENABLE_DEBUG_INFO = YES;
				ONLY_ACTIVE_ARCH = YES;
				SDKROOT = iphoneos;
			};
			name = Debug;
		};
		F93FEF3E1C2AABD300224509 /* Release */ = {
			isa = XCBuildConfiguration;
			buildSettings = {
				ALWAYS_SEARCH_USER_PATHS = NO;
				CLANG_CXX_LANGUAGE_STANDARD = "gnu++0x";
				CLANG_CXX_LIBRARY = "libc++";
				CLANG_ENABLE_MODULES = YES;
				CLANG_ENABLE_OBJC_ARC = YES;
				CLANG_WARN_BOOL_CONVERSION = YES;
				CLANG_WARN_CONSTANT_CONVERSION = YES;
				CLANG_WARN_DIRECT_OBJC_ISA_USAGE = YES_ERROR;
				CLANG_WARN_EMPTY_BODY = YES;
				CLANG_WARN_ENUM_CONVERSION = YES;
				CLANG_WARN_INT_CONVERSION = YES;
				CLANG_WARN_OBJC_ROOT_CLASS = YES_ERROR;
				CLANG_WARN_UNREACHABLE_CODE = YES;
				CLANG_WARN__DUPLICATE_METHOD_MATCH = YES;
				"CODE_SIGN_IDENTITY[sdk=iphoneos*]" = "iPhone Developer";
				COPY_PHASE_STRIP = NO;
				DEBUG_INFORMATION_FORMAT = "dwarf-with-dsym";
				ENABLE_NS_ASSERTIONS = NO;
				ENABLE_STRICT_OBJC_MSGSEND = YES;
				GCC_C_LANGUAGE_STANDARD = gnu99;
				GCC_NO_COMMON_BLOCKS = YES;
				GCC_WARN_64_TO_32_BIT_CONVERSION = YES;
				GCC_WARN_ABOUT_RETURN_TYPE = YES_ERROR;
				GCC_WARN_UNDECLARED_SELECTOR = YES;
				GCC_WARN_UNINITIALIZED_AUTOS = YES_AGGRESSIVE;
				GCC_WARN_UNUSED_FUNCTION = YES;
				GCC_WARN_UNUSED_VARIABLE = YES;
				IPHONEOS_DEPLOYMENT_TARGET = 9.2;
				MTL_ENABLE_DEBUG_INFO = NO;
				SDKROOT = iphoneos;
				VALIDATE_PRODUCT = YES;
			};
			name = Release;
		};
		F93FEF401C2AABD300224509 /* Debug */ = {
			isa = XCBuildConfiguration;
			buildSettings = {
				HEADER_SEARCH_PATHS = (
					"${SRCROOT}/../../../React/**",
					"${SRCROOT}/../../../Libraries/**",
				);
				IPHONEOS_DEPLOYMENT_TARGET = 7.0;
				OTHER_LDFLAGS = "-ObjC";
				PRODUCT_NAME = "$(TARGET_NAME)";
				SKIP_INSTALL = YES;
			};
			name = Debug;
		};
		F93FEF411C2AABD300224509 /* Release */ = {
			isa = XCBuildConfiguration;
			buildSettings = {
				HEADER_SEARCH_PATHS = (
					"${SRCROOT}/../../../React/**",
					"${SRCROOT}/../../../Libraries/**",
				);
				IPHONEOS_DEPLOYMENT_TARGET = 7.0;
				OTHER_LDFLAGS = "-ObjC";
				PRODUCT_NAME = "$(TARGET_NAME)";
				SKIP_INSTALL = YES;
			};
			name = Release;
		};
/* End XCBuildConfiguration section */

/* Begin XCConfigurationList section */
		F93FEF311C2AABD300224509 /* Build configuration list for PBXProject "QRCTImageUpload" */ = {
			isa = XCConfigurationList;
			buildConfigurations = (
				F93FEF3D1C2AABD300224509 /* Debug */,
				F93FEF3E1C2AABD300224509 /* Release */,
			);
			defaultConfigurationIsVisible = 0;
			defaultConfigurationName = Release;
		};
		F93FEF3F1C2AABD300224509 /* Build configuration list for PBXNativeTarget "QRCTImageUpload" */ = {
			isa = XCConfigurationList;
			buildConfigurations = (
				F93FEF401C2AABD300224509 /* Debug */,
				F93FEF411C2AABD300224509 /* Release */,
			);
			defaultConfigurationIsVisible = 0;
			defaultConfigurationName = Release;
		};
/* End XCConfigurationList section */
	};
	rootObject = F93FEF2E1C2AABD300224509 /* Project object */;
}
