// !$*UTF8*$!
{
	archiveVersion = 1;
	classes = {
	};
	objectVersion = 46;
	objects = {

/* Begin PBXBuildFile section */
		BE8A3D0F1C4646FE005528E3 /* QRCTToastIOSManager.m in Sources */ = {isa = PBXBuildFile; fileRef = BE8A3D0C1C4646FE005528E3 /* QRCTToastIOSManager.m */; };
		BE8A3D101C4646FE005528E3 /* QRCTArrowToaster.m in Sources */ = {isa = PBXBuildFile; fileRef = BE8A3D0E1C4646FE005528E3 /* QRCTArrowToaster.m */; };
/* End PBXBuildFile section */

/* Begin PBXCopyFilesBuildPhase section */
		BE8A3CFD1C4646D8005528E3 /* CopyFiles */ = {
			isa = PBXCopyFilesBuildPhase;
			buildActionMask = 2147483647;
			dstPath = "include/$(PRODUCT_NAME)";
			dstSubfolderSpec = 16;
			files = (
			);
			runOnlyForDeploymentPostprocessing = 0;
		};
/* End PBXCopyFilesBuildPhase section */

/* Begin PBXFileReference section */
		BE8A3CFF1C4646D8005528E3 /* libQRCTToast.a */ = {isa = PBXFileReference; explicitFileType = archive.ar; includeInIndex = 0; path = libQRCTToast.a; sourceTree = BUILT_PRODUCTS_DIR; };
		BE8A3D0B1C4646FE005528E3 /* QRCTToastIOSManager.h */ = {isa = PBXFileReference; fileEncoding = 4; lastKnownFileType = sourcecode.c.h; path = QRCTToastIOSManager.h; sourceTree = "<group>"; };
		BE8A3D0C1C4646FE005528E3 /* QRCTToastIOSManager.m */ = {isa = PBXFileReference; fileEncoding = 4; lastKnownFileType = sourcecode.c.objc; path = QRCTToastIOSManager.m; sourceTree = "<group>"; };
		BE8A3D0D1C4646FE005528E3 /* QRCTArrowToaster.h */ = {isa = PBXFileReference; fileEncoding = 4; lastKnownFileType = sourcecode.c.h; path = QRCTArrowToaster.h; sourceTree = "<group>"; };
		BE8A3D0E1C4646FE005528E3 /* QRCTArrowToaster.m */ = {isa = PBXFileReference; fileEncoding = 4; lastKnownFileType = sourcecode.c.objc; path = QRCTArrowToaster.m; sourceTree = "<group>"; };
/* End PBXFileReference section */

/* Begin PBXFrameworksBuildPhase section */
		BE8A3CFC1C4646D8005528E3 /* Frameworks */ = {
			isa = PBXFrameworksBuildPhase;
			buildActionMask = 2147483647;
			files = (
			);
			runOnlyForDeploymentPostprocessing = 0;
		};
/* End PBXFrameworksBuildPhase section */

/* Begin PBXGroup section */
		BE8A3CF61C4646D8005528E3 = {
			isa = PBXGroup;
			children = (
				BE8A3D011C4646D8005528E3 /* QRCTToast */,
				BE8A3D001C4646D8005528E3 /* Products */,
			);
			sourceTree = "<group>";
		};
		BE8A3D001C4646D8005528E3 /* Products */ = {
			isa = PBXGroup;
			children = (
				BE8A3CFF1C4646D8005528E3 /* libQRCTToast.a */,
			);
			name = Products;
			sourceTree = "<group>";
		};
		BE8A3D011C4646D8005528E3 /* QRCTToast */ = {
			isa = PBXGroup;
			children = (
				BE8A3D0B1C4646FE005528E3 /* QRCTToastIOSManager.h */,
				BE8A3D0C1C4646FE005528E3 /* QRCTToastIOSManager.m */,
				BE8A3D0D1C4646FE005528E3 /* QRCTArrowToaster.h */,
				BE8A3D0E1C4646FE005528E3 /* QRCTArrowToaster.m */,
			);
			path = QRCTToast;
			sourceTree = "<group>";
		};
/* End PBXGroup section */

/* Begin PBXNativeTarget section */
		BE8A3CFE1C4646D8005528E3 /* QRCTToast */ = {
			isa = PBXNativeTarget;
			buildConfigurationList = BE8A3D081C4646D8005528E3 /* Build configuration list for PBXNativeTarget "QRCTToast" */;
			buildPhases = (
				BE8A3CFB1C4646D8005528E3 /* Sources */,
				BE8A3CFC1C4646D8005528E3 /* Frameworks */,
				BE8A3CFD1C4646D8005528E3 /* CopyFiles */,
			);
			buildRules = (
			);
			dependencies = (
			);
			name = QRCTToast;
			productName = QRCTToast;
			productReference = BE8A3CFF1C4646D8005528E3 /* libQRCTToast.a */;
			productType = "com.apple.product-type.library.static";
		};
/* End PBXNativeTarget section */

/* Begin PBXProject section */
		BE8A3CF71C4646D8005528E3 /* Project object */ = {
			isa = PBXProject;
			attributes = {
				LastUpgradeCheck = 0720;
				ORGANIZATIONNAME = Qunar;
				TargetAttributes = {
					BE8A3CFE1C4646D8005528E3 = {
						CreatedOnToolsVersion = 7.2;
					};
				};
			};
			buildConfigurationList = BE8A3CFA1C4646D8005528E3 /* Build configuration list for PBXProject "QRCTToast" */;
			compatibilityVersion = "Xcode 3.2";
			developmentRegion = English;
			hasScannedForEncodings = 0;
			knownRegions = (
				en,
			);
			mainGroup = BE8A3CF61C4646D8005528E3;
			productRefGroup = BE8A3D001C4646D8005528E3 /* Products */;
			projectDirPath = "";
			projectRoot = "";
			targets = (
				BE8A3CFE1C4646D8005528E3 /* QRCTToast */,
			);
		};
/* End PBXProject section */

/* Begin PBXSourcesBuildPhase section */
		BE8A3CFB1C4646D8005528E3 /* Sources */ = {
			isa = PBXSourcesBuildPhase;
			buildActionMask = 2147483647;
			files = (
				BE8A3D101C4646FE005528E3 /* QRCTArrowToaster.m in Sources */,
				BE8A3D0F1C4646FE005528E3 /* QRCTToastIOSManager.m in Sources */,
			);
			runOnlyForDeploymentPostprocessing = 0;
		};
/* End PBXSourcesBuildPhase section */

/* Begin XCBuildConfiguration section */
		BE8A3D061C4646D8005528E3 /* Debug */ = {
			isa = XCBuildConfiguration;
			buildSettings = {
				ALWAYS_SEARCH_USER_PATHS = NO;
				CLANG_CXX_LANGUAGE_STANDARD = "gnu++0x";
				CLANG_CXX_LIBRARY = "libc++";
				CLANG_ENABLE_MODULES = YES;
				CLANG_ENABLE_OBJC_ARC = YES;
				CLANG_WARN_BOOL_CONVERSION = YES;
				CLANG_WARN_CONSTANT_CONVERSION = YES;
				CLANG_WARN_DIRECT_OBJC_ISA_USAGE = YES_ERROR;
				CLANG_WARN_EMPTY_BODY = YES;
				CLANG_WARN_ENUM_CONVERSION = YES;
				CLANG_WARN_INT_CONVERSION = YES;
				CLANG_WARN_OBJC_ROOT_CLASS = YES_ERROR;
				CLANG_WARN_UNREACHABLE_CODE = YES;
				CLANG_WARN__DUPLICATE_METHOD_MATCH = YES;
				"CODE_SIGN_IDENTITY[sdk=iphoneos*]" = "iPhone Developer";
				COPY_PHASE_STRIP = NO;
				DEBUG_INFORMATION_FORMAT = dwarf;
				ENABLE_STRICT_OBJC_MSGSEND = YES;
				ENABLE_TESTABILITY = YES;
				GCC_C_LANGUAGE_STANDARD = gnu99;
				GCC_DYNAMIC_NO_PIC = NO;
				GCC_NO_COMMON_BLOCKS = YES;
				GCC_OPTIMIZATION_LEVEL = 0;
				GCC_PREPROCESSOR_DEFINITIONS = (
					"DEBUG=1",
					"$(inherited)",
				);
				GCC_WARN_64_TO_32_BIT_CONVERSION = YES;
				GCC_WARN_ABOUT_RETURN_TYPE = YES_ERROR;
				GCC_WARN_UNDECLARED_SELECTOR = YES;
				GCC_WARN_UNINITIALIZED_AUTOS = YES_AGGRESSIVE;
				GCC_WARN_UNUSED_FUNCTION = YES;
				GCC_WARN_UNUSED_VARIABLE = YES;
				IPHONEOS_DEPLOYMENT_TARGET = 7.0;
				MTL_ENABLE_DEBUG_INFO = YES;
				ONLY_ACTIVE_ARCH = YES;
				SDKROOT = iphoneos;
			};
			name = Debug;
		};
		BE8A3D071C4646D8005528E3 /* Release */ = {
			isa = XCBuildConfiguration;
			buildSettings = {
				ALWAYS_SEARCH_USER_PATHS = NO;
				CLANG_CXX_LANGUAGE_STANDARD = "gnu++0x";
				CLANG_CXX_LIBRARY = "libc++";
				CLANG_ENABLE_MODULES = YES;
				CLANG_ENABLE_OBJC_ARC = YES;
				CLANG_WARN_BOOL_CONVERSION = YES;
				CLANG_WARN_CONSTANT_CONVERSION = YES;
				CLANG_WARN_DIRECT_OBJC_ISA_USAGE = YES_ERROR;
				CLANG_WARN_EMPTY_BODY = YES;
				CLANG_WARN_ENUM_CONVERSION = YES;
				CLANG_WARN_INT_CONVERSION = YES;
				CLANG_WARN_OBJC_ROOT_CLASS = YES_ERROR;
				CLANG_WARN_UNREACHABLE_CODE = YES;
				CLANG_WARN__DUPLICATE_METHOD_MATCH = YES;
				"CODE_SIGN_IDENTITY[sdk=iphoneos*]" = "iPhone Developer";
				COPY_PHASE_STRIP = NO;
				DEBUG_INFORMATION_FORMAT = "dwarf-with-dsym";
				ENABLE_NS_ASSERTIONS = NO;
				ENABLE_STRICT_OBJC_MSGSEND = YES;
				GCC_C_LANGUAGE_STANDARD = gnu99;
				GCC_NO_COMMON_BLOCKS = YES;
				GCC_WARN_64_TO_32_BIT_CONVERSION = YES;
				GCC_WARN_ABOUT_RETURN_TYPE = YES_ERROR;
				GCC_WARN_UNDECLARED_SELECTOR = YES;
				GCC_WARN_UNINITIALIZED_AUTOS = YES_AGGRESSIVE;
				GCC_WARN_UNUSED_FUNCTION = YES;
				GCC_WARN_UNUSED_VARIABLE = YES;
				IPHONEOS_DEPLOYMENT_TARGET = 7.0;
				MTL_ENABLE_DEBUG_INFO = NO;
				SDKROOT = iphoneos;
				VALIDATE_PRODUCT = YES;
			};
			name = Release;
		};
		BE8A3D091C4646D8005528E3 /* Debug */ = {
			isa = XCBuildConfiguration;
			buildSettings = {
				HEADER_SEARCH_PATHS = (
					"${SRCROOT}/../../../React/**",
					"${SRCROOT}/../../../Libraries/**",
				);
				OTHER_LDFLAGS = "-ObjC";
				PRODUCT_NAME = "$(TARGET_NAME)";
				SKIP_INSTALL = YES;
			};
			name = Debug;
		};
		BE8A3D0A1C4646D8005528E3 /* Release */ = {
			isa = XCBuildConfiguration;
			buildSettings = {
				HEADER_SEARCH_PATHS = (
					"${SRCROOT}/../../../React/**",
					"${SRCROOT}/../../../Libraries/**",
				);
				OTHER_LDFLAGS = "-ObjC";
				PRODUCT_NAME = "$(TARGET_NAME)";
				SKIP_INSTALL = YES;
			};
			name = Release;
		};
/* End XCBuildConfiguration section */

/* Begin XCConfigurationList section */
		BE8A3CFA1C4646D8005528E3 /* Build configuration list for PBXProject "QRCTToast" */ = {
			isa = XCConfigurationList;
			buildConfigurations = (
				BE8A3D061C4646D8005528E3 /* Debug */,
				BE8A3D071C4646D8005528E3 /* Release */,
			);
			defaultConfigurationIsVisible = 0;
			defaultConfigurationName = Release;
		};
		BE8A3D081C4646D8005528E3 /* Build configuration list for PBXNativeTarget "QRCTToast" */ = {
			isa = XCConfigurationList;
			buildConfigurations = (
				BE8A3D091C4646D8005528E3 /* Debug */,
				BE8A3D0A1C4646D8005528E3 /* Release */,
			);
			defaultConfigurationIsVisible = 0;
			defaultConfigurationName = Release;
		};
/* End XCConfigurationList section */
	};
	rootObject = BE8A3CF71C4646D8005528E3 /* Project object */;
}
