// !$*UTF8*$!
{
	archiveVersion = 1;
	classes = {
	};
	objectVersion = 46;
	objects = {

/* Begin PBXBuildFile section */
		C0A77F791CA39CF2004772C3 /* RCTScrollableShadowView.m in Sources */ = {isa = PBXBuildFile; fileRef = C0A77F741CA39CF2004772C3 /* RCTScrollableShadowView.m */; };
		C0A77F7A1CA39CF2004772C3 /* RCTScrollableView.m in Sources */ = {isa = PBXBuildFile; fileRef = C0A77F761CA39CF2004772C3 /* RCTScrollableView.m */; };
		C0A77F7B1CA39CF2004772C3 /* RCTScrollableViewManager.m in Sources */ = {isa = PBXBuildFile; fileRef = C0A77F781CA39CF2004772C3 /* RCTScrollableViewManager.m */; };
/* End PBXBuildFile section */

/* Begin PBXCopyFilesBuildPhase section */
		C0A77F651CA39CBB004772C3 /* CopyFiles */ = {
			isa = PBXCopyFilesBuildPhase;
			buildActionMask = 2147483647;
			dstPath = "include/$(PRODUCT_NAME)";
			dstSubfolderSpec = 16;
			files = (
			);
			runOnlyForDeploymentPostprocessing = 0;
		};
/* End PBXCopyFilesBuildPhase section */

/* Begin PBXFileReference section */
		C0A77F671CA39CBB004772C3 /* libQRCTScrollableView.a */ = {isa = PBXFileReference; explicitFileType = archive.ar; includeInIndex = 0; path = libQRCTScrollableView.a; sourceTree = BUILT_PRODUCTS_DIR; };
		C0A77F731CA39CF2004772C3 /* RCTScrollableShadowView.h */ = {isa = PBXFileReference; fileEncoding = 4; lastKnownFileType = sourcecode.c.h; path = RCTScrollableShadowView.h; sourceTree = "<group>"; };
		C0A77F741CA39CF2004772C3 /* RCTScrollableShadowView.m */ = {isa = PBXFileReference; fileEncoding = 4; lastKnownFileType = sourcecode.c.objc; path = RCTScrollableShadowView.m; sourceTree = "<group>"; };
		C0A77F751CA39CF2004772C3 /* RCTScrollableView.h */ = {isa = PBXFileReference; fileEncoding = 4; lastKnownFileType = sourcecode.c.h; path = RCTScrollableView.h; sourceTree = "<group>"; };
		C0A77F761CA39CF2004772C3 /* RCTScrollableView.m */ = {isa = PBXFileReference; fileEncoding = 4; lastKnownFileType = sourcecode.c.objc; path = RCTScrollableView.m; sourceTree = "<group>"; };
		C0A77F771CA39CF2004772C3 /* RCTScrollableViewManager.h */ = {isa = PBXFileReference; fileEncoding = 4; lastKnownFileType = sourcecode.c.h; path = RCTScrollableViewManager.h; sourceTree = "<group>"; };
		C0A77F781CA39CF2004772C3 /* RCTScrollableViewManager.m */ = {isa = PBXFileReference; fileEncoding = 4; lastKnownFileType = sourcecode.c.objc; path = RCTScrollableViewManager.m; sourceTree = "<group>"; };
/* End PBXFileReference section */

/* Begin PBXFrameworksBuildPhase section */
		C0A77F641CA39CBB004772C3 /* Frameworks */ = {
			isa = PBXFrameworksBuildPhase;
			buildActionMask = 2147483647;
			files = (
			);
			runOnlyForDeploymentPostprocessing = 0;
		};
/* End PBXFrameworksBuildPhase section */

/* Begin PBXGroup section */
		C0A77F5E1CA39CBB004772C3 = {
			isa = PBXGroup;
			children = (
				C0A77F691CA39CBB004772C3 /* QRCTScrollableView */,
				C0A77F681CA39CBB004772C3 /* Products */,
			);
			sourceTree = "<group>";
		};
		C0A77F681CA39CBB004772C3 /* Products */ = {
			isa = PBXGroup;
			children = (
				C0A77F671CA39CBB004772C3 /* libQRCTScrollableView.a */,
			);
			name = Products;
			sourceTree = "<group>";
		};
		C0A77F691CA39CBB004772C3 /* QRCTScrollableView */ = {
			isa = PBXGroup;
			children = (
				C0A77F731CA39CF2004772C3 /* RCTScrollableShadowView.h */,
				C0A77F741CA39CF2004772C3 /* RCTScrollableShadowView.m */,
				C0A77F751CA39CF2004772C3 /* RCTScrollableView.h */,
				C0A77F761CA39CF2004772C3 /* RCTScrollableView.m */,
				C0A77F771CA39CF2004772C3 /* RCTScrollableViewManager.h */,
				C0A77F781CA39CF2004772C3 /* RCTScrollableViewManager.m */,
			);
			path = QRCTScrollableView;
			sourceTree = "<group>";
		};
/* End PBXGroup section */

/* Begin PBXNativeTarget section */
		C0A77F661CA39CBB004772C3 /* QRCTScrollableView */ = {
			isa = PBXNativeTarget;
			buildConfigurationList = C0A77F701CA39CBB004772C3 /* Build configuration list for PBXNativeTarget "QRCTScrollableView" */;
			buildPhases = (
				C0A77F631CA39CBB004772C3 /* Sources */,
				C0A77F641CA39CBB004772C3 /* Frameworks */,
				C0A77F651CA39CBB004772C3 /* CopyFiles */,
			);
			buildRules = (
			);
			dependencies = (
			);
			name = QRCTScrollableView;
			productName = QRCTScrollableView;
			productReference = C0A77F671CA39CBB004772C3 /* libQRCTScrollableView.a */;
			productType = "com.apple.product-type.library.static";
		};
/* End PBXNativeTarget section */

/* Begin PBXProject section */
		C0A77F5F1CA39CBB004772C3 /* Project object */ = {
			isa = PBXProject;
			attributes = {
				LastUpgradeCheck = 0720;
				ORGANIZATIONNAME = jingxuan.dou;
				TargetAttributes = {
					C0A77F661CA39CBB004772C3 = {
						CreatedOnToolsVersion = 7.2;
					};
				};
			};
			buildConfigurationList = C0A77F621CA39CBB004772C3 /* Build configuration list for PBXProject "QRCTScrollableView" */;
			compatibilityVersion = "Xcode 3.2";
			developmentRegion = English;
			hasScannedForEncodings = 0;
			knownRegions = (
				en,
			);
			mainGroup = C0A77F5E1CA39CBB004772C3;
			productRefGroup = C0A77F681CA39CBB004772C3 /* Products */;
			projectDirPath = "";
			projectRoot = "";
			targets = (
				C0A77F661CA39CBB004772C3 /* QRCTScrollableView */,
			);
		};
/* End PBXProject section */

/* Begin PBXSourcesBuildPhase section */
		C0A77F631CA39CBB004772C3 /* Sources */ = {
			isa = PBXSourcesBuildPhase;
			buildActionMask = 2147483647;
			files = (
				C0A77F791CA39CF2004772C3 /* RCTScrollableShadowView.m in Sources */,
				C0A77F7B1CA39CF2004772C3 /* RCTScrollableViewManager.m in Sources */,
				C0A77F7A1CA39CF2004772C3 /* RCTScrollableView.m in Sources */,
			);
			runOnlyForDeploymentPostprocessing = 0;
		};
/* End PBXSourcesBuildPhase section */

/* Begin XCBuildConfiguration section */
		C0A77F6E1CA39CBB004772C3 /* Debug */ = {
			isa = XCBuildConfiguration;
			buildSettings = {
				ALWAYS_SEARCH_USER_PATHS = NO;
				CLANG_CXX_LANGUAGE_STANDARD = "gnu++0x";
				CLANG_CXX_LIBRARY = "libc++";
				CLANG_ENABLE_MODULES = YES;
				CLANG_ENABLE_OBJC_ARC = YES;
				CLANG_WARN_BOOL_CONVERSION = YES;
				CLANG_WARN_CONSTANT_CONVERSION = YES;
				CLANG_WARN_DIRECT_OBJC_ISA_USAGE = YES_ERROR;
				CLANG_WARN_EMPTY_BODY = YES;
				CLANG_WARN_ENUM_CONVERSION = YES;
				CLANG_WARN_INT_CONVERSION = YES;
				CLANG_WARN_OBJC_ROOT_CLASS = YES_ERROR;
				CLANG_WARN_UNREACHABLE_CODE = YES;
				CLANG_WARN__DUPLICATE_METHOD_MATCH = YES;
				"CODE_SIGN_IDENTITY[sdk=iphoneos*]" = "iPhone Developer";
				COPY_PHASE_STRIP = NO;
				DEBUG_INFORMATION_FORMAT = dwarf;
				ENABLE_STRICT_OBJC_MSGSEND = YES;
				ENABLE_TESTABILITY = YES;
				GCC_C_LANGUAGE_STANDARD = gnu99;
				GCC_DYNAMIC_NO_PIC = NO;
				GCC_NO_COMMON_BLOCKS = YES;
				GCC_OPTIMIZATION_LEVEL = 0;
				GCC_PREPROCESSOR_DEFINITIONS = (
					"DEBUG=1",
					"$(inherited)",
				);
				GCC_WARN_64_TO_32_BIT_CONVERSION = YES;
				GCC_WARN_ABOUT_RETURN_TYPE = YES_ERROR;
				GCC_WARN_UNDECLARED_SELECTOR = YES;
				GCC_WARN_UNINITIALIZED_AUTOS = YES_AGGRESSIVE;
				GCC_WARN_UNUSED_FUNCTION = YES;
				GCC_WARN_UNUSED_VARIABLE = YES;
				IPHONEOS_DEPLOYMENT_TARGET = 9.2;
				MTL_ENABLE_DEBUG_INFO = YES;
				ONLY_ACTIVE_ARCH = YES;
				SDKROOT = iphoneos;
			};
			name = Debug;
		};
		C0A77F6F1CA39CBB004772C3 /* Release */ = {
			isa = XCBuildConfiguration;
			buildSettings = {
				ALWAYS_SEARCH_USER_PATHS = NO;
				CLANG_CXX_LANGUAGE_STANDARD = "gnu++0x";
				CLANG_CXX_LIBRARY = "libc++";
				CLANG_ENABLE_MODULES = YES;
				CLANG_ENABLE_OBJC_ARC = YES;
				CLANG_WARN_BOOL_CONVERSION = YES;
				CLANG_WARN_CONSTANT_CONVERSION = YES;
				CLANG_WARN_DIRECT_OBJC_ISA_USAGE = YES_ERROR;
				CLANG_WARN_EMPTY_BODY = YES;
				CLANG_WARN_ENUM_CONVERSION = YES;
				CLANG_WARN_INT_CONVERSION = YES;
				CLANG_WARN_OBJC_ROOT_CLASS = YES_ERROR;
				CLANG_WARN_UNREACHABLE_CODE = YES;
				CLANG_WARN__DUPLICATE_METHOD_MATCH = YES;
				"CODE_SIGN_IDENTITY[sdk=iphoneos*]" = "iPhone Developer";
				COPY_PHASE_STRIP = NO;
				DEBUG_INFORMATION_FORMAT = "dwarf-with-dsym";
				ENABLE_NS_ASSERTIONS = NO;
				ENABLE_STRICT_OBJC_MSGSEND = YES;
				GCC_C_LANGUAGE_STANDARD = gnu99;
				GCC_NO_COMMON_BLOCKS = YES;
				GCC_WARN_64_TO_32_BIT_CONVERSION = YES;
				GCC_WARN_ABOUT_RETURN_TYPE = YES_ERROR;
				GCC_WARN_UNDECLARED_SELECTOR = YES;
				GCC_WARN_UNINITIALIZED_AUTOS = YES_AGGRESSIVE;
				GCC_WARN_UNUSED_FUNCTION = YES;
				GCC_WARN_UNUSED_VARIABLE = YES;
				IPHONEOS_DEPLOYMENT_TARGET = 9.2;
				MTL_ENABLE_DEBUG_INFO = NO;
				SDKROOT = iphoneos;
				VALIDATE_PRODUCT = YES;
			};
			name = Release;
		};
		C0A77F711CA39CBB004772C3 /* Debug */ = {
			isa = XCBuildConfiguration;
			buildSettings = {
				HEADER_SEARCH_PATHS = "${SRCROOT}/../../../React/**";
				IPHONEOS_DEPLOYMENT_TARGET = 7.0;
				OTHER_LDFLAGS = "-ObjC";
				PRODUCT_NAME = "$(TARGET_NAME)";
				SKIP_INSTALL = YES;
			};
			name = Debug;
		};
		C0A77F721CA39CBB004772C3 /* Release */ = {
			isa = XCBuildConfiguration;
			buildSettings = {
				HEADER_SEARCH_PATHS = "${SRCROOT}/../../../React/**";
				IPHONEOS_DEPLOYMENT_TARGET = 7.0;
				OTHER_LDFLAGS = "-ObjC";
				PRODUCT_NAME = "$(TARGET_NAME)";
				SKIP_INSTALL = YES;
			};
			name = Release;
		};
/* End XCBuildConfiguration section */

/* Begin XCConfigurationList section */
		C0A77F621CA39CBB004772C3 /* Build configuration list for PBXProject "QRCTScrollableView" */ = {
			isa = XCConfigurationList;
			buildConfigurations = (
				C0A77F6E1CA39CBB004772C3 /* Debug */,
				C0A77F6F1CA39CBB004772C3 /* Release */,
			);
			defaultConfigurationIsVisible = 0;
			defaultConfigurationName = Release;
		};
		C0A77F701CA39CBB004772C3 /* Build configuration list for PBXNativeTarget "QRCTScrollableView" */ = {
			isa = XCConfigurationList;
			buildConfigurations = (
				C0A77F711CA39CBB004772C3 /* Debug */,
				C0A77F721CA39CBB004772C3 /* Release */,
			);
			defaultConfigurationIsVisible = 0;
			defaultConfigurationName = Release;
		};
/* End XCConfigurationList section */
	};
	rootObject = C0A77F5F1CA39CBB004772C3 /* Project object */;
}
