// !$*UTF8*$!
{
	archiveVersion = 1;
	classes = {
	};
	objectVersion = 46;
	objects = {

/* Begin PBXBuildFile section */
		F974F2AB1C043E6300F96B0C /* QRCTTextView.m in Sources */ = {isa = PBXBuildFile; fileRef = F974F2A81C043E6300F96B0C /* QRCTTextView.m */; };
		F974F2AC1C043E6300F96B0C /* QRCTTextViewManager.m in Sources */ = {isa = PBXBuildFile; fileRef = F974F2AA1C043E6300F96B0C /* QRCTTextViewManager.m */; };
		F974F2B11C043E6B00F96B0C /* QRCTTextField.m in Sources */ = {isa = PBXBuildFile; fileRef = F974F2AE1C043E6B00F96B0C /* QRCTTextField.m */; };
		F974F2B21C043E6B00F96B0C /* QRCTTextFieldManager.m in Sources */ = {isa = PBXBuildFile; fileRef = F974F2B01C043E6B00F96B0C /* QRCTTextFieldManager.m */; };
		F974F2B91C0444D800F96B0C /* RCTEventDispatcher+QTextInputExtension.m in Sources */ = {isa = PBXBuildFile; fileRef = F974F2B81C0444D800F96B0C /* RCTEventDispatcher+QTextInputExtension.m */; };
		F9F93E291C16F1F5008DE3A6 /* QRCTShadowTextView.m in Sources */ = {isa = PBXBuildFile; fileRef = F9F93E281C16F1F5008DE3A6 /* QRCTShadowTextView.m */; };
/* End PBXBuildFile section */

/* Begin PBXCopyFilesBuildPhase section */
		F974F28B1C043B1600F96B0C /* CopyFiles */ = {
			isa = PBXCopyFilesBuildPhase;
			buildActionMask = 2147483647;
			dstPath = "include/$(PRODUCT_NAME)";
			dstSubfolderSpec = 16;
			files = (
			);
			runOnlyForDeploymentPostprocessing = 0;
		};
/* End PBXCopyFilesBuildPhase section */

/* Begin PBXFileReference section */
		F974F28D1C043B1600F96B0C /* libQRCTTextInput.a */ = {isa = PBXFileReference; explicitFileType = archive.ar; includeInIndex = 0; path = libQRCTTextInput.a; sourceTree = BUILT_PRODUCTS_DIR; };
		F974F2A71C043E6300F96B0C /* QRCTTextView.h */ = {isa = PBXFileReference; fileEncoding = 4; lastKnownFileType = sourcecode.c.h; path = QRCTTextView.h; sourceTree = "<group>"; };
		F974F2A81C043E6300F96B0C /* QRCTTextView.m */ = {isa = PBXFileReference; fileEncoding = 4; lastKnownFileType = sourcecode.c.objc; path = QRCTTextView.m; sourceTree = "<group>"; };
		F974F2A91C043E6300F96B0C /* QRCTTextViewManager.h */ = {isa = PBXFileReference; fileEncoding = 4; lastKnownFileType = sourcecode.c.h; path = QRCTTextViewManager.h; sourceTree = "<group>"; };
		F974F2AA1C043E6300F96B0C /* QRCTTextViewManager.m */ = {isa = PBXFileReference; fileEncoding = 4; lastKnownFileType = sourcecode.c.objc; path = QRCTTextViewManager.m; sourceTree = "<group>"; };
		F974F2AD1C043E6B00F96B0C /* QRCTTextField.h */ = {isa = PBXFileReference; fileEncoding = 4; lastKnownFileType = sourcecode.c.h; path = QRCTTextField.h; sourceTree = "<group>"; };
		F974F2AE1C043E6B00F96B0C /* QRCTTextField.m */ = {isa = PBXFileReference; fileEncoding = 4; lastKnownFileType = sourcecode.c.objc; path = QRCTTextField.m; sourceTree = "<group>"; };
		F974F2AF1C043E6B00F96B0C /* QRCTTextFieldManager.h */ = {isa = PBXFileReference; fileEncoding = 4; lastKnownFileType = sourcecode.c.h; path = QRCTTextFieldManager.h; sourceTree = "<group>"; };
		F974F2B01C043E6B00F96B0C /* QRCTTextFieldManager.m */ = {isa = PBXFileReference; fileEncoding = 4; lastKnownFileType = sourcecode.c.objc; path = QRCTTextFieldManager.m; sourceTree = "<group>"; };
		F974F2B71C0444D800F96B0C /* RCTEventDispatcher+QTextInputExtension.h */ = {isa = PBXFileReference; fileEncoding = 4; lastKnownFileType = sourcecode.c.h; path = "RCTEventDispatcher+QTextInputExtension.h"; sourceTree = "<group>"; };
		F974F2B81C0444D800F96B0C /* RCTEventDispatcher+QTextInputExtension.m */ = {isa = PBXFileReference; fileEncoding = 4; lastKnownFileType = sourcecode.c.objc; path = "RCTEventDispatcher+QTextInputExtension.m"; sourceTree = "<group>"; };
		F9F93E271C16F1F5008DE3A6 /* QRCTShadowTextView.h */ = {isa = PBXFileReference; fileEncoding = 4; lastKnownFileType = sourcecode.c.h; path = QRCTShadowTextView.h; sourceTree = "<group>"; };
		F9F93E281C16F1F5008DE3A6 /* QRCTShadowTextView.m */ = {isa = PBXFileReference; fileEncoding = 4; lastKnownFileType = sourcecode.c.objc; path = QRCTShadowTextView.m; sourceTree = "<group>"; };
/* End PBXFileReference section */

/* Begin PBXFrameworksBuildPhase section */
		F974F28A1C043B1600F96B0C /* Frameworks */ = {
			isa = PBXFrameworksBuildPhase;
			buildActionMask = 2147483647;
			files = (
			);
			runOnlyForDeploymentPostprocessing = 0;
		};
/* End PBXFrameworksBuildPhase section */

/* Begin PBXGroup section */
		F974F2841C043B1600F96B0C = {
			isa = PBXGroup;
			children = (
				F974F28F1C043B1600F96B0C /* QRCTTextInput */,
				F974F28E1C043B1600F96B0C /* Products */,
			);
			sourceTree = "<group>";
		};
		F974F28E1C043B1600F96B0C /* Products */ = {
			isa = PBXGroup;
			children = (
				F974F28D1C043B1600F96B0C /* libQRCTTextInput.a */,
			);
			name = Products;
			sourceTree = "<group>";
		};
		F974F28F1C043B1600F96B0C /* QRCTTextInput */ = {
			isa = PBXGroup;
			children = (
				F974F2A71C043E6300F96B0C /* QRCTTextView.h */,
				F974F2A81C043E6300F96B0C /* QRCTTextView.m */,
				F9F93E271C16F1F5008DE3A6 /* QRCTShadowTextView.h */,
				F9F93E281C16F1F5008DE3A6 /* QRCTShadowTextView.m */,
				F974F2A91C043E6300F96B0C /* QRCTTextViewManager.h */,
				F974F2AA1C043E6300F96B0C /* QRCTTextViewManager.m */,
				F974F2AD1C043E6B00F96B0C /* QRCTTextField.h */,
				F974F2AE1C043E6B00F96B0C /* QRCTTextField.m */,
				F974F2AF1C043E6B00F96B0C /* QRCTTextFieldManager.h */,
				F974F2B01C043E6B00F96B0C /* QRCTTextFieldManager.m */,
				F974F2B71C0444D800F96B0C /* RCTEventDispatcher+QTextInputExtension.h */,
				F974F2B81C0444D800F96B0C /* RCTEventDispatcher+QTextInputExtension.m */,
			);
			path = QRCTTextInput;
			sourceTree = "<group>";
		};
/* End PBXGroup section */

/* Begin PBXNativeTarget section */
		F974F28C1C043B1600F96B0C /* QRCTTextInput */ = {
			isa = PBXNativeTarget;
			buildConfigurationList = F974F2961C043B1600F96B0C /* Build configuration list for PBXNativeTarget "QRCTTextInput" */;
			buildPhases = (
				F974F2891C043B1600F96B0C /* Sources */,
				F974F28A1C043B1600F96B0C /* Frameworks */,
				F974F28B1C043B1600F96B0C /* CopyFiles */,
			);
			buildRules = (
			);
			dependencies = (
			);
			name = QRCTTextInput;
			productName = QRCTTextInput;
			productReference = F974F28D1C043B1600F96B0C /* libQRCTTextInput.a */;
			productType = "com.apple.product-type.library.static";
		};
/* End PBXNativeTarget section */

/* Begin PBXProject section */
		F974F2851C043B1600F96B0C /* Project object */ = {
			isa = PBXProject;
			attributes = {
				LastUpgradeCheck = 0710;
				ORGANIZATIONNAME = qunar.com;
				TargetAttributes = {
					F974F28C1C043B1600F96B0C = {
						CreatedOnToolsVersion = 7.1.1;
					};
				};
			};
			buildConfigurationList = F974F2881C043B1600F96B0C /* Build configuration list for PBXProject "QRCTTextInput" */;
			compatibilityVersion = "Xcode 3.2";
			developmentRegion = English;
			hasScannedForEncodings = 0;
			knownRegions = (
				en,
			);
			mainGroup = F974F2841C043B1600F96B0C;
			productRefGroup = F974F28E1C043B1600F96B0C /* Products */;
			projectDirPath = "";
			projectRoot = "";
			targets = (
				F974F28C1C043B1600F96B0C /* QRCTTextInput */,
			);
		};
/* End PBXProject section */

/* Begin PBXSourcesBuildPhase section */
		F974F2891C043B1600F96B0C /* Sources */ = {
			isa = PBXSourcesBuildPhase;
			buildActionMask = 2147483647;
			files = (
				F974F2B91C0444D800F96B0C /* RCTEventDispatcher+QTextInputExtension.m in Sources */,
				F974F2AB1C043E6300F96B0C /* QRCTTextView.m in Sources */,
				F974F2B21C043E6B00F96B0C /* QRCTTextFieldManager.m in Sources */,
				F9F93E291C16F1F5008DE3A6 /* QRCTShadowTextView.m in Sources */,
				F974F2B11C043E6B00F96B0C /* QRCTTextField.m in Sources */,
				F974F2AC1C043E6300F96B0C /* QRCTTextViewManager.m in Sources */,
			);
			runOnlyForDeploymentPostprocessing = 0;
		};
/* End PBXSourcesBuildPhase section */

/* Begin XCBuildConfiguration section */
		F974F2941C043B1600F96B0C /* Debug */ = {
			isa = XCBuildConfiguration;
			buildSettings = {
				ALWAYS_SEARCH_USER_PATHS = NO;
				CLANG_CXX_LANGUAGE_STANDARD = "gnu++0x";
				CLANG_CXX_LIBRARY = "libc++";
				CLANG_ENABLE_MODULES = YES;
				CLANG_ENABLE_OBJC_ARC = YES;
				CLANG_WARN_BOOL_CONVERSION = YES;
				CLANG_WARN_CONSTANT_CONVERSION = YES;
				CLANG_WARN_DIRECT_OBJC_ISA_USAGE = YES_ERROR;
				CLANG_WARN_EMPTY_BODY = YES;
				CLANG_WARN_ENUM_CONVERSION = YES;
				CLANG_WARN_INT_CONVERSION = YES;
				CLANG_WARN_OBJC_ROOT_CLASS = YES_ERROR;
				CLANG_WARN_UNREACHABLE_CODE = YES;
				CLANG_WARN__DUPLICATE_METHOD_MATCH = YES;
				"CODE_SIGN_IDENTITY[sdk=iphoneos*]" = "iPhone Developer";
				COPY_PHASE_STRIP = NO;
				DEBUG_INFORMATION_FORMAT = dwarf;
				ENABLE_STRICT_OBJC_MSGSEND = YES;
				ENABLE_TESTABILITY = YES;
				GCC_C_LANGUAGE_STANDARD = gnu99;
				GCC_DYNAMIC_NO_PIC = NO;
				GCC_NO_COMMON_BLOCKS = YES;
				GCC_OPTIMIZATION_LEVEL = 0;
				GCC_PREPROCESSOR_DEFINITIONS = (
					"DEBUG=1",
					"$(inherited)",
				);
				GCC_WARN_64_TO_32_BIT_CONVERSION = YES;
				GCC_WARN_ABOUT_RETURN_TYPE = YES_ERROR;
				GCC_WARN_UNDECLARED_SELECTOR = YES;
				GCC_WARN_UNINITIALIZED_AUTOS = YES_AGGRESSIVE;
				GCC_WARN_UNUSED_FUNCTION = YES;
				GCC_WARN_UNUSED_VARIABLE = YES;
				IPHONEOS_DEPLOYMENT_TARGET = 7.0;
				MTL_ENABLE_DEBUG_INFO = YES;
				ONLY_ACTIVE_ARCH = YES;
				SDKROOT = iphoneos;
			};
			name = Debug;
		};
		F974F2951C043B1600F96B0C /* Release */ = {
			isa = XCBuildConfiguration;
			buildSettings = {
				ALWAYS_SEARCH_USER_PATHS = NO;
				CLANG_CXX_LANGUAGE_STANDARD = "gnu++0x";
				CLANG_CXX_LIBRARY = "libc++";
				CLANG_ENABLE_MODULES = YES;
				CLANG_ENABLE_OBJC_ARC = YES;
				CLANG_WARN_BOOL_CONVERSION = YES;
				CLANG_WARN_CONSTANT_CONVERSION = YES;
				CLANG_WARN_DIRECT_OBJC_ISA_USAGE = YES_ERROR;
				CLANG_WARN_EMPTY_BODY = YES;
				CLANG_WARN_ENUM_CONVERSION = YES;
				CLANG_WARN_INT_CONVERSION = YES;
				CLANG_WARN_OBJC_ROOT_CLASS = YES_ERROR;
				CLANG_WARN_UNREACHABLE_CODE = YES;
				CLANG_WARN__DUPLICATE_METHOD_MATCH = YES;
				"CODE_SIGN_IDENTITY[sdk=iphoneos*]" = "iPhone Developer";
				COPY_PHASE_STRIP = NO;
				DEBUG_INFORMATION_FORMAT = "dwarf-with-dsym";
				ENABLE_NS_ASSERTIONS = NO;
				ENABLE_STRICT_OBJC_MSGSEND = YES;
				GCC_C_LANGUAGE_STANDARD = gnu99;
				GCC_NO_COMMON_BLOCKS = YES;
				GCC_WARN_64_TO_32_BIT_CONVERSION = YES;
				GCC_WARN_ABOUT_RETURN_TYPE = YES_ERROR;
				GCC_WARN_UNDECLARED_SELECTOR = YES;
				GCC_WARN_UNINITIALIZED_AUTOS = YES_AGGRESSIVE;
				GCC_WARN_UNUSED_FUNCTION = YES;
				GCC_WARN_UNUSED_VARIABLE = YES;
				IPHONEOS_DEPLOYMENT_TARGET = 7.0;
				MTL_ENABLE_DEBUG_INFO = NO;
				SDKROOT = iphoneos;
				VALIDATE_PRODUCT = YES;
			};
			name = Release;
		};
		F974F2971C043B1600F96B0C /* Debug */ = {
			isa = XCBuildConfiguration;
			buildSettings = {
				HEADER_SEARCH_PATHS = "${SRCROOT}/../../../React/**";
				OTHER_LDFLAGS = "-ObjC";
				PRODUCT_NAME = "$(TARGET_NAME)";
				SKIP_INSTALL = YES;
			};
			name = Debug;
		};
		F974F2981C043B1600F96B0C /* Release */ = {
			isa = XCBuildConfiguration;
			buildSettings = {
				HEADER_SEARCH_PATHS = "${SRCROOT}/../../../React/**";
				OTHER_LDFLAGS = "-ObjC";
				PRODUCT_NAME = "$(TARGET_NAME)";
				SKIP_INSTALL = YES;
			};
			name = Release;
		};
/* End XCBuildConfiguration section */

/* Begin XCConfigurationList section */
		F974F2881C043B1600F96B0C /* Build configuration list for PBXProject "QRCTTextInput" */ = {
			isa = XCConfigurationList;
			buildConfigurations = (
				F974F2941C043B1600F96B0C /* Debug */,
				F974F2951C043B1600F96B0C /* Release */,
			);
			defaultConfigurationIsVisible = 0;
			defaultConfigurationName = Release;
		};
		F974F2961C043B1600F96B0C /* Build configuration list for PBXNativeTarget "QRCTTextInput" */ = {
			isa = XCConfigurationList;
			buildConfigurations = (
				F974F2971C043B1600F96B0C /* Debug */,
				F974F2981C043B1600F96B0C /* Release */,
			);
			defaultConfigurationIsVisible = 0;
			defaultConfigurationName = Release;
		};
/* End XCConfigurationList section */
	};
	rootObject = F974F2851C043B1600F96B0C /* Project object */;
}
