// !$*UTF8*$!
{
	archiveVersion = 1;
	classes = {
	};
	objectVersion = 46;
	objects = {

/* Begin PBXBuildFile section */
		71DDD6101C9BF87900AFE0C2 /* platform.ios.min.js in Resources */ = {isa = PBXBuildFile; fileRef = 71DDD60F1C9BF87900AFE0C2 /* platform.ios.min.js */; };
		AD40A3721CC8E59000E75F07 /* background.png in Resources */ = {isa = PBXBuildFile; fileRef = AD40A36F1CC8E59000E75F07 /* background.png */; };
		AD40A3731CC8E59000E75F07 /* camel.gif in Resources */ = {isa = PBXBuildFile; fileRef = AD40A3701CC8E59000E75F07 /* camel.gif */; };
		AD40A3741CC8E59000E75F07 /* error.png in Resources */ = {isa = PBXBuildFile; fileRef = AD40A3711CC8E59000E75F07 /* error.png */; };
		AD40A3891CC8E5A000E75F07 /* qunar_react_native.ttf in Resources */ = {isa = PBXBuildFile; fileRef = AD40A3881CC8E5A000E75F07 /* qunar_react_native.ttf */; };
		BE563FB81D780BAF00B5DE1B /* libQRCTTextInput.a in Frameworks */ = {isa = PBXBuildFile; fileRef = BE6C3FE41D75785900065ADF /* libQRCTTextInput.a */; };
		BE8A3D4D1C465061005528E3 /* libQRCTToast.a in Frameworks */ = {isa = PBXBuildFile; fileRef = BE8A3D1A1C46474E005528E3 /* libQRCTToast.a */; };
		BE8A3D4E1C465065005528E3 /* libQRCTCamera.a in Frameworks */ = {isa = PBXBuildFile; fileRef = BE8A3D4C1C464A83005528E3 /* libQRCTCamera.a */; };
		BEF5F0D91C9C0B3B008A791B /* ReactNativeBundle.bundle in Resources */ = {isa = PBXBuildFile; fileRef = 71DDD5F51C9BF86000AFE0C2 /* ReactNativeBundle.bundle */; };
		F9314D8A1C46365B009652EF /* main.m in Sources */ = {isa = PBXBuildFile; fileRef = F9314D891C46365B009652EF /* main.m */; };
		F9314D8D1C46365B009652EF /* AppDelegate.m in Sources */ = {isa = PBXBuildFile; fileRef = F9314D8C1C46365B009652EF /* AppDelegate.m */; };
		F9314D951C46365B009652EF /* Assets.xcassets in Resources */ = {isa = PBXBuildFile; fileRef = F9314D941C46365B009652EF /* Assets.xcassets */; };
		F9314D981C46365B009652EF /* LaunchScreen.storyboard in Resources */ = {isa = PBXBuildFile; fileRef = F9314D961C46365B009652EF /* LaunchScreen.storyboard */; };
		F9314E451C4638FD009652EF /* libQRCTImageUpload.a in Frameworks */ = {isa = PBXBuildFile; fileRef = F9314E1C1C4638C5009652EF /* libQRCTImageUpload.a */; };
		F9314E461C4638FD009652EF /* libQRCTPhoto.a in Frameworks */ = {isa = PBXBuildFile; fileRef = F9314E171C4638BA009652EF /* libQRCTPhoto.a */; };
		F9314E491C4638FD009652EF /* libRCTActionSheet.a in Frameworks */ = {isa = PBXBuildFile; fileRef = F9314E441C4638EA009652EF /* libRCTActionSheet.a */; };
		F9314E4A1C4638FD009652EF /* libRCTCameraRoll.a in Frameworks */ = {isa = PBXBuildFile; fileRef = F9314E351C4638D7009652EF /* libRCTCameraRoll.a */; };
		F9314E4B1C4638FD009652EF /* libRCTGeolocation.a in Frameworks */ = {isa = PBXBuildFile; fileRef = F9314E081C4638A0009652EF /* libRCTGeolocation.a */; };
		F9314E4C1C4638FD009652EF /* libRCTImage.a in Frameworks */ = {isa = PBXBuildFile; fileRef = F9314E3F1C4638E7009652EF /* libRCTImage.a */; };
		F9314E4D1C4638FD009652EF /* libRCTLinking.a in Frameworks */ = {isa = PBXBuildFile; fileRef = F9314E3A1C4638E3009652EF /* libRCTLinking.a */; };
		F9314E4E1C4638FD009652EF /* libRCTNetwork.a in Frameworks */ = {isa = PBXBuildFile; fileRef = F9314E211C4638C9009652EF /* libRCTNetwork.a */; };
		F9314E4F1C4638FD009652EF /* libRCTSettings.a in Frameworks */ = {isa = PBXBuildFile; fileRef = F9314E2B1C4638D1009652EF /* libRCTSettings.a */; };
		F9314E501C4638FD009652EF /* libRCTText.a in Frameworks */ = {isa = PBXBuildFile; fileRef = F9314E301C4638D4009652EF /* libRCTText.a */; };
		F9314E511C4638FD009652EF /* libRCTVibration.a in Frameworks */ = {isa = PBXBuildFile; fileRef = F9314E0D1C4638AD009652EF /* libRCTVibration.a */; };
		F9314E521C4638FD009652EF /* libRCTWebSocket.a in Frameworks */ = {isa = PBXBuildFile; fileRef = F9314DB51C463709009652EF /* libRCTWebSocket.a */; };
		F9314E531C4638FD009652EF /* libReact.a in Frameworks */ = {isa = PBXBuildFile; fileRef = F9314DA51C4636A9009652EF /* libReact.a */; };
		F9D87D121CB53536007A6066 /* libQRCTScrollableView.a in Frameworks */ = {isa = PBXBuildFile; fileRef = F9D87D111CB5352B007A6066 /* libQRCTScrollableView.a */; };
/* End PBXBuildFile section */

/* Begin PBXContainerItemProxy section */
		71DDD60D1C9BF86900AFE0C2 /* PBXContainerItemProxy */ = {
			isa = PBXContainerItemProxy;
			containerPortal = F9314D7D1C46365B009652EF /* Project object */;
			proxyType = 1;
			remoteGlobalIDString = 71DDD5F41C9BF86000AFE0C2;
			remoteInfo = ReactNativeBundle;
		};
		BE30C2EF1D65C6850049BF3C /* PBXContainerItemProxy */ = {
			isa = PBXContainerItemProxy;
			containerPortal = F9D87D0C1CB5352B007A6066 /* QRCTScrollableView.xcodeproj */;
			proxyType = 1;
			remoteGlobalIDString = C0A77F661CA39CBB004772C3;
			remoteInfo = QRCTScrollableView;
		};
		BE30C2F11D65C6850049BF3C /* PBXContainerItemProxy */ = {
			isa = PBXContainerItemProxy;
			containerPortal = F9314DA01C4636A9009652EF /* React.xcodeproj */;
			proxyType = 1;
			remoteGlobalIDString = 83CBBA2D1A601D0E00E9B192;
			remoteInfo = React;
		};
		BE30C2F31D65C6850049BF3C /* PBXContainerItemProxy */ = {
			isa = PBXContainerItemProxy;
			containerPortal = F9314DB61C46373B009652EF /* RCTActionSheet.xcodeproj */;
			proxyType = 1;
			remoteGlobalIDString = 58B511DA1A9E6C8500147676;
			remoteInfo = RCTActionSheet;
		};
		BE30C2F51D65C6850049BF3C /* PBXContainerItemProxy */ = {
			isa = PBXContainerItemProxy;
			containerPortal = F9314DBC1C463760009652EF /* RCTCameraRoll.xcodeproj */;
			proxyType = 1;
			remoteGlobalIDString = 58B5115C1A9E6B3D00147676;
			remoteInfo = RCTCameraRoll;
		};
		BE30C2F71D65C6850049BF3C /* PBXContainerItemProxy */ = {
			isa = PBXContainerItemProxy;
			containerPortal = F9314DC21C4637AA009652EF /* RCTGeolocation.xcodeproj */;
			proxyType = 1;
			remoteGlobalIDString = 58B511DA1A9E6C8500147676;
			remoteInfo = RCTGeolocation;
		};
		BE30C2F91D65C6850049BF3C /* PBXContainerItemProxy */ = {
			isa = PBXContainerItemProxy;
			containerPortal = F9314DC81C4637B6009652EF /* RCTImage.xcodeproj */;
			proxyType = 1;
			remoteGlobalIDString = 58B5115C1A9E6B3D00147676;
			remoteInfo = RCTImage;
		};
		BE30C2FB1D65C6850049BF3C /* PBXContainerItemProxy */ = {
			isa = PBXContainerItemProxy;
			containerPortal = F9314DCE1C4637C9009652EF /* RCTLinking.xcodeproj */;
			proxyType = 1;
			remoteGlobalIDString = 58B511DA1A9E6C8500147676;
			remoteInfo = RCTLinking;
		};
		BE30C2FD1D65C6850049BF3C /* PBXContainerItemProxy */ = {
			isa = PBXContainerItemProxy;
			containerPortal = F9314DD41C4637D2009652EF /* RCTNetwork.xcodeproj */;
			proxyType = 1;
			remoteGlobalIDString = 58B511DA1A9E6C8500147676;
			remoteInfo = RCTNetwork;
		};
		BE30C2FF1D65C6850049BF3C /* PBXContainerItemProxy */ = {
			isa = PBXContainerItemProxy;
			containerPortal = F9314DDA1C46384E009652EF /* RCTSettings.xcodeproj */;
			proxyType = 1;
			remoteGlobalIDString = 58B511DA1A9E6C8500147676;
			remoteInfo = RCTSettings;
		};
		BE30C3011D65C6850049BF3C /* PBXContainerItemProxy */ = {
			isa = PBXContainerItemProxy;
			containerPortal = F9314DE01C46385D009652EF /* RCTText.xcodeproj */;
			proxyType = 1;
			remoteGlobalIDString = 58B5119A1A9E6C1200147676;
			remoteInfo = RCTText;
		};
		BE30C3031D65C6850049BF3C /* PBXContainerItemProxy */ = {
			isa = PBXContainerItemProxy;
			containerPortal = F9314DE61C463867009652EF /* RCTVibration.xcodeproj */;
			proxyType = 1;
			remoteGlobalIDString = 832C817F1AAF6DEF007FA2F7;
			remoteInfo = RCTVibration;
		};
		BE30C3051D65C6850049BF3C /* PBXContainerItemProxy */ = {
			isa = PBXContainerItemProxy;
			containerPortal = F9314DA61C4636C2009652EF /* RCTWebSocket.xcodeproj */;
			proxyType = 1;
			remoteGlobalIDString = 3C86DF451ADF2C930047B81A;
			remoteInfo = RCTWebSocket;
		};
		BE30C3071D65C6850049BF3C /* PBXContainerItemProxy */ = {
			isa = PBXContainerItemProxy;
			containerPortal = F9314DEC1C463879009652EF /* QRCTImageUpload.xcodeproj */;
			proxyType = 1;
			remoteGlobalIDString = F93FEF351C2AABD300224509;
			remoteInfo = QRCTImageUpload;
		};
		BE30C3091D65C6850049BF3C /* PBXContainerItemProxy */ = {
			isa = PBXContainerItemProxy;
			containerPortal = F9314DF21C463880009652EF /* QRCTPhoto.xcodeproj */;
			proxyType = 1;
			remoteGlobalIDString = F9D19C351C101CD8006CDBD7;
			remoteInfo = QRCTPhoto;
		};
		BE30C30D1D65C6850049BF3C /* PBXContainerItemProxy */ = {
			isa = PBXContainerItemProxy;
			containerPortal = BE8A3D471C464A83005528E3 /* QRCTCamera.xcodeproj */;
			proxyType = 1;
			remoteGlobalIDString = BE8A3D2E1C464A11005528E3;
			remoteInfo = QRCTCamera;
		};
		BE30C3111D65C6850049BF3C /* PBXContainerItemProxy */ = {
			isa = PBXContainerItemProxy;
			containerPortal = BE8A3D111C46474E005528E3 /* QRCTToast.xcodeproj */;
			proxyType = 1;
			remoteGlobalIDString = BE8A3CFE1C4646D8005528E3;
			remoteInfo = QRCTToast;
		};
		BE563FB91D780BDA00B5DE1B /* PBXContainerItemProxy */ = {
			isa = PBXContainerItemProxy;
			containerPortal = BE6C3FDF1D75785900065ADF /* QRCTTextInput.xcodeproj */;
			proxyType = 1;
			remoteGlobalIDString = F974F28C1C043B1600F96B0C;
			remoteInfo = QRCTTextInput;
		};
		BE6C3FE31D75785900065ADF /* PBXContainerItemProxy */ = {
			isa = PBXContainerItemProxy;
			containerPortal = BE6C3FDF1D75785900065ADF /* QRCTTextInput.xcodeproj */;
			proxyType = 2;
			remoteGlobalIDString = F974F28D1C043B1600F96B0C;
			remoteInfo = QRCTTextInput;
		};
		BE8A3D191C46474E005528E3 /* PBXContainerItemProxy */ = {
			isa = PBXContainerItemProxy;
			containerPortal = BE8A3D111C46474E005528E3 /* QRCTToast.xcodeproj */;
			proxyType = 2;
			remoteGlobalIDString = BE8A3CFF1C4646D8005528E3;
			remoteInfo = QRCTToast;
		};
		BE8A3D4B1C464A83005528E3 /* PBXContainerItemProxy */ = {
			isa = PBXContainerItemProxy;
			containerPortal = BE8A3D471C464A83005528E3 /* QRCTCamera.xcodeproj */;
			proxyType = 2;
			remoteGlobalIDString = BE8A3D2F1C464A11005528E3;
			remoteInfo = QRCTCamera;
		};
		F9314DA41C4636A9009652EF /* PBXContainerItemProxy */ = {
			isa = PBXContainerItemProxy;
			containerPortal = F9314DA01C4636A9009652EF /* React.xcodeproj */;
			proxyType = 2;
			remoteGlobalIDString = 83CBBA2E1A601D0E00E9B192;
			remoteInfo = React;
		};
		F9314DB41C463709009652EF /* PBXContainerItemProxy */ = {
			isa = PBXContainerItemProxy;
			containerPortal = F9314DA61C4636C2009652EF /* RCTWebSocket.xcodeproj */;
			proxyType = 2;
			remoteGlobalIDString = 3C86DF461ADF2C930047B81A;
			remoteInfo = RCTWebSocket;
		};
		F9314E071C4638A0009652EF /* PBXContainerItemProxy */ = {
			isa = PBXContainerItemProxy;
			containerPortal = F9314DC21C4637AA009652EF /* RCTGeolocation.xcodeproj */;
			proxyType = 2;
			remoteGlobalIDString = 134814201AA4EA6300B7C361;
			remoteInfo = RCTGeolocation;
		};
		F9314E0C1C4638AD009652EF /* PBXContainerItemProxy */ = {
			isa = PBXContainerItemProxy;
			containerPortal = F9314DE61C463867009652EF /* RCTVibration.xcodeproj */;
			proxyType = 2;
			remoteGlobalIDString = 832C81801AAF6DEF007FA2F7;
			remoteInfo = RCTVibration;
		};
		F9314E161C4638BA009652EF /* PBXContainerItemProxy */ = {
			isa = PBXContainerItemProxy;
			containerPortal = F9314DF21C463880009652EF /* QRCTPhoto.xcodeproj */;
			proxyType = 2;
			remoteGlobalIDString = F9D19C361C101CD8006CDBD7;
			remoteInfo = QRCTPhoto;
		};
		F9314E1B1C4638C5009652EF /* PBXContainerItemProxy */ = {
			isa = PBXContainerItemProxy;
			containerPortal = F9314DEC1C463879009652EF /* QRCTImageUpload.xcodeproj */;
			proxyType = 2;
			remoteGlobalIDString = F93FEF361C2AABD300224509;
			remoteInfo = QRCTImageUpload;
		};
		F9314E201C4638C9009652EF /* PBXContainerItemProxy */ = {
			isa = PBXContainerItemProxy;
			containerPortal = F9314DD41C4637D2009652EF /* RCTNetwork.xcodeproj */;
			proxyType = 2;
			remoteGlobalIDString = 58B511DB1A9E6C8500147676;
			remoteInfo = RCTNetwork;
		};
		F9314E2A1C4638D1009652EF /* PBXContainerItemProxy */ = {
			isa = PBXContainerItemProxy;
			containerPortal = F9314DDA1C46384E009652EF /* RCTSettings.xcodeproj */;
			proxyType = 2;
			remoteGlobalIDString = 134814201AA4EA6300B7C361;
			remoteInfo = RCTSettings;
		};
		F9314E2F1C4638D4009652EF /* PBXContainerItemProxy */ = {
			isa = PBXContainerItemProxy;
			containerPortal = F9314DE01C46385D009652EF /* RCTText.xcodeproj */;
			proxyType = 2;
			remoteGlobalIDString = 58B5119B1A9E6C1200147676;
			remoteInfo = RCTText;
		};
		F9314E341C4638D7009652EF /* PBXContainerItemProxy */ = {
			isa = PBXContainerItemProxy;
			containerPortal = F9314DBC1C463760009652EF /* RCTCameraRoll.xcodeproj */;
			proxyType = 2;
			remoteGlobalIDString = 58B5115D1A9E6B3D00147676;
			remoteInfo = RCTCameraRoll;
		};
		F9314E391C4638E3009652EF /* PBXContainerItemProxy */ = {
			isa = PBXContainerItemProxy;
			containerPortal = F9314DCE1C4637C9009652EF /* RCTLinking.xcodeproj */;
			proxyType = 2;
			remoteGlobalIDString = 134814201AA4EA6300B7C361;
			remoteInfo = RCTLinking;
		};
		F9314E3E1C4638E7009652EF /* PBXContainerItemProxy */ = {
			isa = PBXContainerItemProxy;
			containerPortal = F9314DC81C4637B6009652EF /* RCTImage.xcodeproj */;
			proxyType = 2;
			remoteGlobalIDString = 58B5115D1A9E6B3D00147676;
			remoteInfo = RCTImage;
		};
		F9314E431C4638EA009652EF /* PBXContainerItemProxy */ = {
			isa = PBXContainerItemProxy;
			containerPortal = F9314DB61C46373B009652EF /* RCTActionSheet.xcodeproj */;
			proxyType = 2;
			remoteGlobalIDString = 134814201AA4EA6300B7C361;
			remoteInfo = RCTActionSheet;
		};
		F9D87D101CB5352B007A6066 /* PBXContainerItemProxy */ = {
			isa = PBXContainerItemProxy;
			containerPortal = F9D87D0C1CB5352B007A6066 /* QRCTScrollableView.xcodeproj */;
			proxyType = 2;
			remoteGlobalIDString = C0A77F671CA39CBB004772C3;
			remoteInfo = QRCTScrollableView;
		};
/* End PBXContainerItemProxy section */

/* Begin PBXFileReference section */
		71DDD5F51C9BF86000AFE0C2 /* ReactNativeBundle.bundle */ = {isa = PBXFileReference; explicitFileType = wrapper.cfbundle; includeInIndex = 0; path = ReactNativeBundle.bundle; sourceTree = BUILT_PRODUCTS_DIR; };
		71DDD5F71C9BF86000AFE0C2 /* Info.plist */ = {isa = PBXFileReference; lastKnownFileType = text.plist.xml; path = Info.plist; sourceTree = "<group>"; };
		71DDD60F1C9BF87900AFE0C2 /* platform.ios.min.js */ = {isa = PBXFileReference; fileEncoding = 4; lastKnownFileType = sourcecode.javascript; name = platform.ios.min.js; path = "../../../packager/react-packager/bundles/platform.ios.min.js"; sourceTree = "<group>"; };
		AD40A36F1CC8E59000E75F07 /* background.png */ = {isa = PBXFileReference; lastKnownFileType = image.png; name = background.png; path = ../../../../React/Resource/background.png; sourceTree = "<group>"; };
		AD40A3701CC8E59000E75F07 /* camel.gif */ = {isa = PBXFileReference; lastKnownFileType = image.gif; name = camel.gif; path = ../../../../React/Resource/camel.gif; sourceTree = "<group>"; };
		AD40A3711CC8E59000E75F07 /* error.png */ = {isa = PBXFileReference; lastKnownFileType = image.png; name = error.png; path = ../../../../React/Resource/error.png; sourceTree = "<group>"; };
		AD40A3881CC8E5A000E75F07 /* qunar_react_native.ttf */ = {isa = PBXFileReference; lastKnownFileType = file; name = qunar_react_native.ttf; path = ../../../../React/Resource/qunar_react_native.ttf; sourceTree = "<group>"; };
		BE6C3FDF1D75785900065ADF /* QRCTTextInput.xcodeproj */ = {isa = PBXFileReference; lastKnownFileType = "wrapper.pb-project"; name = QRCTTextInput.xcodeproj; path = "../../../../Libraries/qunar-extension-ios/QRCTTextInput/QRCTTextInput.xcodeproj"; sourceTree = "<group>"; };
		BE8A3D111C46474E005528E3 /* QRCTToast.xcodeproj */ = {isa = PBXFileReference; lastKnownFileType = "wrapper.pb-project"; name = QRCTToast.xcodeproj; path = "../../../../Libraries/qunar-extension-ios/QRCTToast/QRCTToast.xcodeproj"; sourceTree = "<group>"; };
		BE8A3D471C464A83005528E3 /* QRCTCamera.xcodeproj */ = {isa = PBXFileReference; lastKnownFileType = "wrapper.pb-project"; name = QRCTCamera.xcodeproj; path = "../../../../Libraries/qunar-extension-ios/QRCTCamera/QRCTCamera.xcodeproj"; sourceTree = "<group>"; };
		F9314D851C46365B009652EF /* ReactNativePlayground.app */ = {isa = PBXFileReference; explicitFileType = wrapper.application; includeInIndex = 0; path = ReactNativePlayground.app; sourceTree = BUILT_PRODUCTS_DIR; };
		F9314D891C46365B009652EF /* main.m */ = {isa = PBXFileReference; lastKnownFileType = sourcecode.c.objc; path = main.m; sourceTree = "<group>"; };
		F9314D8B1C46365B009652EF /* AppDelegate.h */ = {isa = PBXFileReference; lastKnownFileType = sourcecode.c.h; path = AppDelegate.h; sourceTree = "<group>"; };
		F9314D8C1C46365B009652EF /* AppDelegate.m */ = {isa = PBXFileReference; lastKnownFileType = sourcecode.c.objc; path = AppDelegate.m; sourceTree = "<group>"; };
		F9314D941C46365B009652EF /* Assets.xcassets */ = {isa = PBXFileReference; lastKnownFileType = folder.assetcatalog; path = Assets.xcassets; sourceTree = "<group>"; };
		F9314D971C46365B009652EF /* Base */ = {isa = PBXFileReference; lastKnownFileType = file.storyboard; name = Base; path = Base.lproj/LaunchScreen.storyboard; sourceTree = "<group>"; };
		F9314D991C46365B009652EF /* Info.plist */ = {isa = PBXFileReference; lastKnownFileType = text.plist.xml; path = Info.plist; sourceTree = "<group>"; };
		F9314DA01C4636A9009652EF /* React.xcodeproj */ = {isa = PBXFileReference; lastKnownFileType = "wrapper.pb-project"; name = React.xcodeproj; path = ../../../../React/React.xcodeproj; sourceTree = "<group>"; };
		F9314DA61C4636C2009652EF /* RCTWebSocket.xcodeproj */ = {isa = PBXFileReference; lastKnownFileType = "wrapper.pb-project"; name = RCTWebSocket.xcodeproj; path = ../../../../Libraries/WebSocket/RCTWebSocket.xcodeproj; sourceTree = "<group>"; };
		F9314DB61C46373B009652EF /* RCTActionSheet.xcodeproj */ = {isa = PBXFileReference; lastKnownFileType = "wrapper.pb-project"; name = RCTActionSheet.xcodeproj; path = ../../../../Libraries/ActionSheetIOS/RCTActionSheet.xcodeproj; sourceTree = "<group>"; };
		F9314DBC1C463760009652EF /* RCTCameraRoll.xcodeproj */ = {isa = PBXFileReference; lastKnownFileType = "wrapper.pb-project"; name = RCTCameraRoll.xcodeproj; path = ../../../../Libraries/CameraRoll/RCTCameraRoll.xcodeproj; sourceTree = "<group>"; };
		F9314DC21C4637AA009652EF /* RCTGeolocation.xcodeproj */ = {isa = PBXFileReference; lastKnownFileType = "wrapper.pb-project"; name = RCTGeolocation.xcodeproj; path = ../../../../Libraries/Geolocation/RCTGeolocation.xcodeproj; sourceTree = "<group>"; };
		F9314DC81C4637B6009652EF /* RCTImage.xcodeproj */ = {isa = PBXFileReference; lastKnownFileType = "wrapper.pb-project"; name = RCTImage.xcodeproj; path = ../../../../Libraries/Image/RCTImage.xcodeproj; sourceTree = "<group>"; };
		F9314DCE1C4637C9009652EF /* RCTLinking.xcodeproj */ = {isa = PBXFileReference; lastKnownFileType = "wrapper.pb-project"; name = RCTLinking.xcodeproj; path = ../../../../Libraries/LinkingIOS/RCTLinking.xcodeproj; sourceTree = "<group>"; };
		F9314DD41C4637D2009652EF /* RCTNetwork.xcodeproj */ = {isa = PBXFileReference; lastKnownFileType = "wrapper.pb-project"; name = RCTNetwork.xcodeproj; path = ../../../../Libraries/Network/RCTNetwork.xcodeproj; sourceTree = "<group>"; };
		F9314DDA1C46384E009652EF /* RCTSettings.xcodeproj */ = {isa = PBXFileReference; lastKnownFileType = "wrapper.pb-project"; name = RCTSettings.xcodeproj; path = ../../../../Libraries/Settings/RCTSettings.xcodeproj; sourceTree = "<group>"; };
		F9314DE01C46385D009652EF /* RCTText.xcodeproj */ = {isa = PBXFileReference; lastKnownFileType = "wrapper.pb-project"; name = RCTText.xcodeproj; path = ../../../../Libraries/Text/RCTText.xcodeproj; sourceTree = "<group>"; };
		F9314DE61C463867009652EF /* RCTVibration.xcodeproj */ = {isa = PBXFileReference; lastKnownFileType = "wrapper.pb-project"; name = RCTVibration.xcodeproj; path = ../../../../Libraries/Vibration/RCTVibration.xcodeproj; sourceTree = "<group>"; };
		F9314DEC1C463879009652EF /* QRCTImageUpload.xcodeproj */ = {isa = PBXFileReference; lastKnownFileType = "wrapper.pb-project"; name = QRCTImageUpload.xcodeproj; path = "../../../../Libraries/qunar-extension-ios/QRCTImageUpload/QRCTImageUpload.xcodeproj"; sourceTree = "<group>"; };
		F9314DF21C463880009652EF /* QRCTPhoto.xcodeproj */ = {isa = PBXFileReference; lastKnownFileType = "wrapper.pb-project"; name = QRCTPhoto.xcodeproj; path = "../../../../Libraries/qunar-extension-ios/QRCTPhoto/QRCTPhoto.xcodeproj"; sourceTree = "<group>"; };
		F9D87D0C1CB5352B007A6066 /* QRCTScrollableView.xcodeproj */ = {isa = PBXFileReference; lastKnownFileType = "wrapper.pb-project"; name = QRCTScrollableView.xcodeproj; path = "../../../../Libraries/qunar-extension-ios/QRCTScrollableView/QRCTScrollableView.xcodeproj"; sourceTree = "<group>"; };
/* End PBXFileReference section */

/* Begin PBXFrameworksBuildPhase section */
		71DDD5F21C9BF86000AFE0C2 /* Frameworks */ = {
			isa = PBXFrameworksBuildPhase;
			buildActionMask = 2147483647;
			files = (
			);
			runOnlyForDeploymentPostprocessing = 0;
		};
		F9314D821C46365B009652EF /* Frameworks */ = {
			isa = PBXFrameworksBuildPhase;
			buildActionMask = 2147483647;
			files = (
				BE563FB81D780BAF00B5DE1B /* libQRCTTextInput.a in Frameworks */,
				F9D87D121CB53536007A6066 /* libQRCTScrollableView.a in Frameworks */,
				BE8A3D4E1C465065005528E3 /* libQRCTCamera.a in Frameworks */,
				BE8A3D4D1C465061005528E3 /* libQRCTToast.a in Frameworks */,
				F9314E451C4638FD009652EF /* libQRCTImageUpload.a in Frameworks */,
				F9314E461C4638FD009652EF /* libQRCTPhoto.a in Frameworks */,
				F9314E491C4638FD009652EF /* libRCTActionSheet.a in Frameworks */,
				F9314E4A1C4638FD009652EF /* libRCTCameraRoll.a in Frameworks */,
				F9314E4B1C4638FD009652EF /* libRCTGeolocation.a in Frameworks */,
				F9314E4C1C4638FD009652EF /* libRCTImage.a in Frameworks */,
				F9314E4D1C4638FD009652EF /* libRCTLinking.a in Frameworks */,
				F9314E4E1C4638FD009652EF /* libRCTNetwork.a in Frameworks */,
				F9314E4F1C4638FD009652EF /* libRCTSettings.a in Frameworks */,
				F9314E501C4638FD009652EF /* libRCTText.a in Frameworks */,
				F9314E511C4638FD009652EF /* libRCTVibration.a in Frameworks */,
				F9314E521C4638FD009652EF /* libRCTWebSocket.a in Frameworks */,
				F9314E531C4638FD009652EF /* libReact.a in Frameworks */,
			);
			runOnlyForDeploymentPostprocessing = 0;
		};
/* End PBXFrameworksBuildPhase section */

/* Begin PBXGroup section */
		71DDD5F61C9BF86000AFE0C2 /* ReactNativeBundle */ = {
			isa = PBXGroup;
			children = (
				AD40A3881CC8E5A000E75F07 /* qunar_react_native.ttf */,
				AD40A36F1CC8E59000E75F07 /* background.png */,
				AD40A3701CC8E59000E75F07 /* camel.gif */,
				AD40A3711CC8E59000E75F07 /* error.png */,
				71DDD5F71C9BF86000AFE0C2 /* Info.plist */,
			);
			path = ReactNativeBundle;
			sourceTree = "<group>";
		};
		BE6C3FE01D75785900065ADF /* Products */ = {
			isa = PBXGroup;
			children = (
				BE6C3FE41D75785900065ADF /* libQRCTTextInput.a */,
			);
			name = Products;
			sourceTree = "<group>";
		};
		BE8A3D121C46474E005528E3 /* Products */ = {
			isa = PBXGroup;
			children = (
				BE8A3D1A1C46474E005528E3 /* libQRCTToast.a */,
			);
			name = Products;
			sourceTree = "<group>";
		};
		BE8A3D481C464A83005528E3 /* Products */ = {
			isa = PBXGroup;
			children = (
				BE8A3D4C1C464A83005528E3 /* libQRCTCamera.a */,
			);
			name = Products;
			sourceTree = "<group>";
		};
		F9314D7C1C46365B009652EF = {
			isa = PBXGroup;
			children = (
				71DDD60F1C9BF87900AFE0C2 /* platform.ios.min.js */,
				F9314D871C46365B009652EF /* ReactNativePlayground */,
				F9314D9F1C463688009652EF /* Libraries */,
				71DDD5F61C9BF86000AFE0C2 /* ReactNativeBundle */,
				F9314D861C46365B009652EF /* Products */,
			);
			sourceTree = "<group>";
		};
		F9314D861C46365B009652EF /* Products */ = {
			isa = PBXGroup;
			children = (
				F9314D851C46365B009652EF /* ReactNativePlayground.app */,
				71DDD5F51C9BF86000AFE0C2 /* ReactNativeBundle.bundle */,
			);
			name = Products;
			sourceTree = "<group>";
		};
		F9314D871C46365B009652EF /* ReactNativePlayground */ = {
			isa = PBXGroup;
			children = (
				F9314D8B1C46365B009652EF /* AppDelegate.h */,
				F9314D8C1C46365B009652EF /* AppDelegate.m */,
				F9314D941C46365B009652EF /* Assets.xcassets */,
				F9314D961C46365B009652EF /* LaunchScreen.storyboard */,
				F9314D991C46365B009652EF /* Info.plist */,
				F9314D881C46365B009652EF /* Supporting Files */,
			);
			path = ReactNativePlayground;
			sourceTree = "<group>";
		};
		F9314D881C46365B009652EF /* Supporting Files */ = {
			isa = PBXGroup;
			children = (
				F9314D891C46365B009652EF /* main.m */,
			);
			name = "Supporting Files";
			sourceTree = "<group>";
		};
		F9314D9F1C463688009652EF /* Libraries */ = {
			isa = PBXGroup;
			children = (
				F9314DA01C4636A9009652EF /* React.xcodeproj */,
				F9D87D0C1CB5352B007A6066 /* QRCTScrollableView.xcodeproj */,
				F9314DB61C46373B009652EF /* RCTActionSheet.xcodeproj */,
				F9314DBC1C463760009652EF /* RCTCameraRoll.xcodeproj */,
				F9314DC21C4637AA009652EF /* RCTGeolocation.xcodeproj */,
				F9314DC81C4637B6009652EF /* RCTImage.xcodeproj */,
				F9314DCE1C4637C9009652EF /* RCTLinking.xcodeproj */,
				F9314DD41C4637D2009652EF /* RCTNetwork.xcodeproj */,
				F9314DDA1C46384E009652EF /* RCTSettings.xcodeproj */,
				F9314DE01C46385D009652EF /* RCTText.xcodeproj */,
				F9314DE61C463867009652EF /* RCTVibration.xcodeproj */,
				F9314DA61C4636C2009652EF /* RCTWebSocket.xcodeproj */,
				F9314DEC1C463879009652EF /* QRCTImageUpload.xcodeproj */,
				F9314DF21C463880009652EF /* QRCTPhoto.xcodeproj */,
				BE6C3FDF1D75785900065ADF /* QRCTTextInput.xcodeproj */,
				BE8A3D471C464A83005528E3 /* QRCTCamera.xcodeproj */,
				BE8A3D111C46474E005528E3 /* QRCTToast.xcodeproj */,
			);
			name = Libraries;
			path = ReactNativePlayground;
			sourceTree = "<group>";
		};
		F9314DA11C4636A9009652EF /* Products */ = {
			isa = PBXGroup;
			children = (
				F9314DA51C4636A9009652EF /* libReact.a */,
			);
			name = Products;
			sourceTree = "<group>";
		};
		F9314DB11C463709009652EF /* Products */ = {
			isa = PBXGroup;
			children = (
				F9314DB51C463709009652EF /* libRCTWebSocket.a */,
			);
			name = Products;
			sourceTree = "<group>";
		};
		F9314E041C4638A0009652EF /* Products */ = {
			isa = PBXGroup;
			children = (
				F9314E081C4638A0009652EF /* libRCTGeolocation.a */,
			);
			name = Products;
			sourceTree = "<group>";
		};
		F9314E091C4638AD009652EF /* Products */ = {
			isa = PBXGroup;
			children = (
				F9314E0D1C4638AD009652EF /* libRCTVibration.a */,
			);
			name = Products;
			sourceTree = "<group>";
		};
		F9314E131C4638BA009652EF /* Products */ = {
			isa = PBXGroup;
			children = (
				F9314E171C4638BA009652EF /* libQRCTPhoto.a */,
			);
			name = Products;
			sourceTree = "<group>";
		};
		F9314E181C4638C5009652EF /* Products */ = {
			isa = PBXGroup;
			children = (
				F9314E1C1C4638C5009652EF /* libQRCTImageUpload.a */,
			);
			name = Products;
			sourceTree = "<group>";
		};
		F9314E1D1C4638C9009652EF /* Products */ = {
			isa = PBXGroup;
			children = (
				F9314E211C4638C9009652EF /* libRCTNetwork.a */,
			);
			name = Products;
			sourceTree = "<group>";
		};
		F9314E271C4638D1009652EF /* Products */ = {
			isa = PBXGroup;
			children = (
				F9314E2B1C4638D1009652EF /* libRCTSettings.a */,
			);
			name = Products;
			sourceTree = "<group>";
		};
		F9314E2C1C4638D4009652EF /* Products */ = {
			isa = PBXGroup;
			children = (
				F9314E301C4638D4009652EF /* libRCTText.a */,
			);
			name = Products;
			sourceTree = "<group>";
		};
		F9314E311C4638D7009652EF /* Products */ = {
			isa = PBXGroup;
			children = (
				F9314E351C4638D7009652EF /* libRCTCameraRoll.a */,
			);
			name = Products;
			sourceTree = "<group>";
		};
		F9314E361C4638E3009652EF /* Products */ = {
			isa = PBXGroup;
			children = (
				F9314E3A1C4638E3009652EF /* libRCTLinking.a */,
			);
			name = Products;
			sourceTree = "<group>";
		};
		F9314E3B1C4638E7009652EF /* Products */ = {
			isa = PBXGroup;
			children = (
				F9314E3F1C4638E7009652EF /* libRCTImage.a */,
			);
			name = Products;
			sourceTree = "<group>";
		};
		F9314E401C4638EA009652EF /* Products */ = {
			isa = PBXGroup;
			children = (
				F9314E441C4638EA009652EF /* libRCTActionSheet.a */,
			);
			name = Products;
			sourceTree = "<group>";
		};
		F9D87D0D1CB5352B007A6066 /* Products */ = {
			isa = PBXGroup;
			children = (
				F9D87D111CB5352B007A6066 /* libQRCTScrollableView.a */,
			);
			name = Products;
			sourceTree = "<group>";
		};
/* End PBXGroup section */

/* Begin PBXNativeTarget section */
		71DDD5F41C9BF86000AFE0C2 /* ReactNativeBundle */ = {
			isa = PBXNativeTarget;
			buildConfigurationList = 71DDD60C1C9BF86000AFE0C2 /* Build configuration list for PBXNativeTarget "ReactNativeBundle" */;
			buildPhases = (
				71DDD5F11C9BF86000AFE0C2 /* Sources */,
				71DDD5F21C9BF86000AFE0C2 /* Frameworks */,
				71DDD5F31C9BF86000AFE0C2 /* Resources */,
			);
			buildRules = (
			);
			dependencies = (
			);
			name = ReactNativeBundle;
			productName = ReactNativeBundle;
			productReference = 71DDD5F51C9BF86000AFE0C2 /* ReactNativeBundle.bundle */;
			productType = "com.apple.product-type.bundle";
		};
		F9314D841C46365B009652EF /* ReactNativePlayground */ = {
			isa = PBXNativeTarget;
			buildConfigurationList = F9314D9C1C46365B009652EF /* Build configuration list for PBXNativeTarget "ReactNativePlayground" */;
			buildPhases = (
				F9314D811C46365B009652EF /* Sources */,
				F9314D821C46365B009652EF /* Frameworks */,
				F9314D831C46365B009652EF /* Resources */,
			);
			buildRules = (
			);
			dependencies = (
				BE563FBA1D780BDA00B5DE1B /* PBXTargetDependency */,
				BE30C2F01D65C6850049BF3C /* PBXTargetDependency */,
				BE30C2F21D65C6850049BF3C /* PBXTargetDependency */,
				BE30C2F41D65C6850049BF3C /* PBXTargetDependency */,
				BE30C2F61D65C6850049BF3C /* PBXTargetDependency */,
				BE30C2F81D65C6850049BF3C /* PBXTargetDependency */,
				BE30C2FA1D65C6850049BF3C /* PBXTargetDependency */,
				BE30C2FC1D65C6850049BF3C /* PBXTargetDependency */,
				BE30C2FE1D65C6850049BF3C /* PBXTargetDependency */,
				BE30C3001D65C6850049BF3C /* PBXTargetDependency */,
				BE30C3021D65C6850049BF3C /* PBXTargetDependency */,
				BE30C3041D65C6850049BF3C /* PBXTargetDependency */,
				BE30C3061D65C6850049BF3C /* PBXTargetDependency */,
				BE30C3081D65C6850049BF3C /* PBXTargetDependency */,
				BE30C30A1D65C6850049BF3C /* PBXTargetDependency */,
				BE30C30E1D65C6850049BF3C /* PBXTargetDependency */,
				BE30C3121D65C6850049BF3C /* PBXTargetDependency */,
				71DDD60E1C9BF86900AFE0C2 /* PBXTargetDependency */,
			);
			name = ReactNativePlayground;
			productName = ReactNativePlayground;
			productReference = F9314D851C46365B009652EF /* ReactNativePlayground.app */;
			productType = "com.apple.product-type.application";
		};
/* End PBXNativeTarget section */

/* Begin PBXProject section */
		F9314D7D1C46365B009652EF /* Project object */ = {
			isa = PBXProject;
			attributes = {
				LastUpgradeCheck = 0720;
				ORGANIZATIONNAME = qunar.com;
				TargetAttributes = {
					71DDD5F41C9BF86000AFE0C2 = {
						CreatedOnToolsVersion = 7.2;
					};
					F9314D841C46365B009652EF = {
						CreatedOnToolsVersion = 7.2;
						DevelopmentTeam = 3PJE4J3T6A;
					};
				};
			};
			buildConfigurationList = F9314D801C46365B009652EF /* Build configuration list for PBXProject "ReactNativePlayground" */;
			compatibilityVersion = "Xcode 3.2";
			developmentRegion = English;
			hasScannedForEncodings = 0;
			knownRegions = (
				en,
				Base,
			);
			mainGroup = F9314D7C1C46365B009652EF;
			productRefGroup = F9314D861C46365B009652EF /* Products */;
			projectDirPath = "";
			projectReferences = (
				{
					ProductGroup = BE8A3D481C464A83005528E3 /* Products */;
					ProjectRef = BE8A3D471C464A83005528E3 /* QRCTCamera.xcodeproj */;
				},
				{
					ProductGroup = F9314E181C4638C5009652EF /* Products */;
					ProjectRef = F9314DEC1C463879009652EF /* QRCTImageUpload.xcodeproj */;
				},
				{
					ProductGroup = F9314E131C4638BA009652EF /* Products */;
					ProjectRef = F9314DF21C463880009652EF /* QRCTPhoto.xcodeproj */;
				},
				{
					ProductGroup = F9D87D0D1CB5352B007A6066 /* Products */;
					ProjectRef = F9D87D0C1CB5352B007A6066 /* QRCTScrollableView.xcodeproj */;
				},
				{
					ProductGroup = BE6C3FE01D75785900065ADF /* Products */;
					ProjectRef = BE6C3FDF1D75785900065ADF /* QRCTTextInput.xcodeproj */;
				},
				{
					ProductGroup = BE8A3D121C46474E005528E3 /* Products */;
					ProjectRef = BE8A3D111C46474E005528E3 /* QRCTToast.xcodeproj */;
				},
				{
					ProductGroup = F9314E401C4638EA009652EF /* Products */;
					ProjectRef = F9314DB61C46373B009652EF /* RCTActionSheet.xcodeproj */;
				},
				{
					ProductGroup = F9314E311C4638D7009652EF /* Products */;
					ProjectRef = F9314DBC1C463760009652EF /* RCTCameraRoll.xcodeproj */;
				},
				{
					ProductGroup = F9314E041C4638A0009652EF /* Products */;
					ProjectRef = F9314DC21C4637AA009652EF /* RCTGeolocation.xcodeproj */;
				},
				{
					ProductGroup = F9314E3B1C4638E7009652EF /* Products */;
					ProjectRef = F9314DC81C4637B6009652EF /* RCTImage.xcodeproj */;
				},
				{
					ProductGroup = F9314E361C4638E3009652EF /* Products */;
					ProjectRef = F9314DCE1C4637C9009652EF /* RCTLinking.xcodeproj */;
				},
				{
					ProductGroup = F9314E1D1C4638C9009652EF /* Products */;
					ProjectRef = F9314DD41C4637D2009652EF /* RCTNetwork.xcodeproj */;
				},
				{
					ProductGroup = F9314E271C4638D1009652EF /* Products */;
					ProjectRef = F9314DDA1C46384E009652EF /* RCTSettings.xcodeproj */;
				},
				{
					ProductGroup = F9314E2C1C4638D4009652EF /* Products */;
					ProjectRef = F9314DE01C46385D009652EF /* RCTText.xcodeproj */;
				},
				{
					ProductGroup = F9314E091C4638AD009652EF /* Products */;
					ProjectRef = F9314DE61C463867009652EF /* RCTVibration.xcodeproj */;
				},
				{
					ProductGroup = F9314DB11C463709009652EF /* Products */;
					ProjectRef = F9314DA61C4636C2009652EF /* RCTWebSocket.xcodeproj */;
				},
				{
					ProductGroup = F9314DA11C4636A9009652EF /* Products */;
					ProjectRef = F9314DA01C4636A9009652EF /* React.xcodeproj */;
				},
			);
			projectRoot = "";
			targets = (
				F9314D841C46365B009652EF /* ReactNativePlayground */,
				71DDD5F41C9BF86000AFE0C2 /* ReactNativeBundle */,
			);
		};
/* End PBXProject section */

/* Begin PBXReferenceProxy section */
		BE6C3FE41D75785900065ADF /* libQRCTTextInput.a */ = {
			isa = PBXReferenceProxy;
			fileType = archive.ar;
			path = libQRCTTextInput.a;
			remoteRef = BE6C3FE31D75785900065ADF /* PBXContainerItemProxy */;
			sourceTree = BUILT_PRODUCTS_DIR;
		};
		BE8A3D1A1C46474E005528E3 /* libQRCTToast.a */ = {
			isa = PBXReferenceProxy;
			fileType = archive.ar;
			path = libQRCTToast.a;
			remoteRef = BE8A3D191C46474E005528E3 /* PBXContainerItemProxy */;
			sourceTree = BUILT_PRODUCTS_DIR;
		};
		BE8A3D4C1C464A83005528E3 /* libQRCTCamera.a */ = {
			isa = PBXReferenceProxy;
			fileType = archive.ar;
			path = libQRCTCamera.a;
			remoteRef = BE8A3D4B1C464A83005528E3 /* PBXContainerItemProxy */;
			sourceTree = BUILT_PRODUCTS_DIR;
		};
		F9314DA51C4636A9009652EF /* libReact.a */ = {
			isa = PBXReferenceProxy;
			fileType = archive.ar;
			path = libReact.a;
			remoteRef = F9314DA41C4636A9009652EF /* PBXContainerItemProxy */;
			sourceTree = BUILT_PRODUCTS_DIR;
		};
		F9314DB51C463709009652EF /* libRCTWebSocket.a */ = {
			isa = PBXReferenceProxy;
			fileType = archive.ar;
			path = libRCTWebSocket.a;
			remoteRef = F9314DB41C463709009652EF /* PBXContainerItemProxy */;
			sourceTree = BUILT_PRODUCTS_DIR;
		};
		F9314E081C4638A0009652EF /* libRCTGeolocation.a */ = {
			isa = PBXReferenceProxy;
			fileType = archive.ar;
			path = libRCTGeolocation.a;
			remoteRef = F9314E071C4638A0009652EF /* PBXContainerItemProxy */;
			sourceTree = BUILT_PRODUCTS_DIR;
		};
		F9314E0D1C4638AD009652EF /* libRCTVibration.a */ = {
			isa = PBXReferenceProxy;
			fileType = archive.ar;
			path = libRCTVibration.a;
			remoteRef = F9314E0C1C4638AD009652EF /* PBXContainerItemProxy */;
			sourceTree = BUILT_PRODUCTS_DIR;
		};
		F9314E171C4638BA009652EF /* libQRCTPhoto.a */ = {
			isa = PBXReferenceProxy;
			fileType = archive.ar;
			path = libQRCTPhoto.a;
			remoteRef = F9314E161C4638BA009652EF /* PBXContainerItemProxy */;
			sourceTree = BUILT_PRODUCTS_DIR;
		};
		F9314E1C1C4638C5009652EF /* libQRCTImageUpload.a */ = {
			isa = PBXReferenceProxy;
			fileType = archive.ar;
			path = libQRCTImageUpload.a;
			remoteRef = F9314E1B1C4638C5009652EF /* PBXContainerItemProxy */;
			sourceTree = BUILT_PRODUCTS_DIR;
		};
		F9314E211C4638C9009652EF /* libRCTNetwork.a */ = {
			isa = PBXReferenceProxy;
			fileType = archive.ar;
			path = libRCTNetwork.a;
			remoteRef = F9314E201C4638C9009652EF /* PBXContainerItemProxy */;
			sourceTree = BUILT_PRODUCTS_DIR;
		};
		F9314E2B1C4638D1009652EF /* libRCTSettings.a */ = {
			isa = PBXReferenceProxy;
			fileType = archive.ar;
			path = libRCTSettings.a;
			remoteRef = F9314E2A1C4638D1009652EF /* PBXContainerItemProxy */;
			sourceTree = BUILT_PRODUCTS_DIR;
		};
		F9314E301C4638D4009652EF /* libRCTText.a */ = {
			isa = PBXReferenceProxy;
			fileType = archive.ar;
			path = libRCTText.a;
			remoteRef = F9314E2F1C4638D4009652EF /* PBXContainerItemProxy */;
			sourceTree = BUILT_PRODUCTS_DIR;
		};
		F9314E351C4638D7009652EF /* libRCTCameraRoll.a */ = {
			isa = PBXReferenceProxy;
			fileType = archive.ar;
			path = libRCTCameraRoll.a;
			remoteRef = F9314E341C4638D7009652EF /* PBXContainerItemProxy */;
			sourceTree = BUILT_PRODUCTS_DIR;
		};
		F9314E3A1C4638E3009652EF /* libRCTLinking.a */ = {
			isa = PBXReferenceProxy;
			fileType = archive.ar;
			path = libRCTLinking.a;
			remoteRef = F9314E391C4638E3009652EF /* PBXContainerItemProxy */;
			sourceTree = BUILT_PRODUCTS_DIR;
		};
		F9314E3F1C4638E7009652EF /* libRCTImage.a */ = {
			isa = PBXReferenceProxy;
			fileType = archive.ar;
			path = libRCTImage.a;
			remoteRef = F9314E3E1C4638E7009652EF /* PBXContainerItemProxy */;
			sourceTree = BUILT_PRODUCTS_DIR;
		};
		F9314E441C4638EA009652EF /* libRCTActionSheet.a */ = {
			isa = PBXReferenceProxy;
			fileType = archive.ar;
			path = libRCTActionSheet.a;
			remoteRef = F9314E431C4638EA009652EF /* PBXContainerItemProxy */;
			sourceTree = BUILT_PRODUCTS_DIR;
		};
		F9D87D111CB5352B007A6066 /* libQRCTScrollableView.a */ = {
			isa = PBXReferenceProxy;
			fileType = archive.ar;
			path = libQRCTScrollableView.a;
			remoteRef = F9D87D101CB5352B007A6066 /* PBXContainerItemProxy */;
			sourceTree = BUILT_PRODUCTS_DIR;
		};
/* End PBXReferenceProxy section */

/* Begin PBXResourcesBuildPhase section */
		71DDD5F31C9BF86000AFE0C2 /* Resources */ = {
			isa = PBXResourcesBuildPhase;
			buildActionMask = 2147483647;
			files = (
				71DDD6101C9BF87900AFE0C2 /* platform.ios.min.js in Resources */,
				AD40A3731CC8E59000E75F07 /* camel.gif in Resources */,
				AD40A3891CC8E5A000E75F07 /* qunar_react_native.ttf in Resources */,
				AD40A3741CC8E59000E75F07 /* error.png in Resources */,
				AD40A3721CC8E59000E75F07 /* background.png in Resources */,
			);
			runOnlyForDeploymentPostprocessing = 0;
		};
		F9314D831C46365B009652EF /* Resources */ = {
			isa = PBXResourcesBuildPhase;
			buildActionMask = 2147483647;
			files = (
				BEF5F0D91C9C0B3B008A791B /* ReactNativeBundle.bundle in Resources */,
				F9314D981C46365B009652EF /* LaunchScreen.storyboard in Resources */,
				F9314D951C46365B009652EF /* Assets.xcassets in Resources */,
			);
			runOnlyForDeploymentPostprocessing = 0;
		};
/* End PBXResourcesBuildPhase section */

/* Begin PBXSourcesBuildPhase section */
		71DDD5F11C9BF86000AFE0C2 /* Sources */ = {
			isa = PBXSourcesBuildPhase;
			buildActionMask = 2147483647;
			files = (
			);
			runOnlyForDeploymentPostprocessing = 0;
		};
		F9314D811C46365B009652EF /* Sources */ = {
			isa = PBXSourcesBuildPhase;
			buildActionMask = 2147483647;
			files = (
				F9314D8D1C46365B009652EF /* AppDelegate.m in Sources */,
				F9314D8A1C46365B009652EF /* main.m in Sources */,
			);
			runOnlyForDeploymentPostprocessing = 0;
		};
/* End PBXSourcesBuildPhase section */

/* Begin PBXTargetDependency section */
		71DDD60E1C9BF86900AFE0C2 /* PBXTargetDependency */ = {
			isa = PBXTargetDependency;
			target = 71DDD5F41C9BF86000AFE0C2 /* ReactNativeBundle */;
			targetProxy = 71DDD60D1C9BF86900AFE0C2 /* PBXContainerItemProxy */;
		};
		BE30C2F01D65C6850049BF3C /* PBXTargetDependency */ = {
			isa = PBXTargetDependency;
			name = QRCTScrollableView;
			targetProxy = BE30C2EF1D65C6850049BF3C /* PBXContainerItemProxy */;
		};
		BE30C2F21D65C6850049BF3C /* PBXTargetDependency */ = {
			isa = PBXTargetDependency;
			name = React;
			targetProxy = BE30C2F11D65C6850049BF3C /* PBXContainerItemProxy */;
		};
		BE30C2F41D65C6850049BF3C /* PBXTargetDependency */ = {
			isa = PBXTargetDependency;
			name = RCTActionSheet;
			targetProxy = BE30C2F31D65C6850049BF3C /* PBXContainerItemProxy */;
		};
		BE30C2F61D65C6850049BF3C /* PBXTargetDependency */ = {
			isa = PBXTargetDependency;
			name = RCTCameraRoll;
			targetProxy = BE30C2F51D65C6850049BF3C /* PBXContainerItemProxy */;
		};
		BE30C2F81D65C6850049BF3C /* PBXTargetDependency */ = {
			isa = PBXTargetDependency;
			name = RCTGeolocation;
			targetProxy = BE30C2F71D65C6850049BF3C /* PBXContainerItemProxy */;
		};
		BE30C2FA1D65C6850049BF3C /* PBXTargetDependency */ = {
			isa = PBXTargetDependency;
			name = RCTImage;
			targetProxy = BE30C2F91D65C6850049BF3C /* PBXContainerItemProxy */;
		};
		BE30C2FC1D65C6850049BF3C /* PBXTargetDependency */ = {
			isa = PBXTargetDependency;
			name = RCTLinking;
			targetProxy = BE30C2FB1D65C6850049BF3C /* PBXContainerItemProxy */;
		};
		BE30C2FE1D65C6850049BF3C /* PBXTargetDependency */ = {
			isa = PBXTargetDependency;
			name = RCTNetwork;
			targetProxy = BE30C2FD1D65C6850049BF3C /* PBXContainerItemProxy */;
		};
		BE30C3001D65C6850049BF3C /* PBXTargetDependency */ = {
			isa = PBXTargetDependency;
			name = RCTSettings;
			targetProxy = BE30C2FF1D65C6850049BF3C /* PBXContainerItemProxy */;
		};
		BE30C3021D65C6850049BF3C /* PBXTargetDependency */ = {
			isa = PBXTargetDependency;
			name = RCTText;
			targetProxy = BE30C3011D65C6850049BF3C /* PBXContainerItemProxy */;
		};
		BE30C3041D65C6850049BF3C /* PBXTargetDependency */ = {
			isa = PBXTargetDependency;
			name = RCTVibration;
			targetProxy = BE30C3031D65C6850049BF3C /* PBXContainerItemProxy */;
		};
		BE30C3061D65C6850049BF3C /* PBXTargetDependency */ = {
			isa = PBXTargetDependency;
			name = RCTWebSocket;
			targetProxy = BE30C3051D65C6850049BF3C /* PBXContainerItemProxy */;
		};
		BE30C3081D65C6850049BF3C /* PBXTargetDependency */ = {
			isa = PBXTargetDependency;
			name = QRCTImageUpload;
			targetProxy = BE30C3071D65C6850049BF3C /* PBXContainerItemProxy */;
		};
		BE30C30A1D65C6850049BF3C /* PBXTargetDependency */ = {
			isa = PBXTargetDependency;
			name = QRCTPhoto;
			targetProxy = BE30C3091D65C6850049BF3C /* PBXContainerItemProxy */;
		};
		BE30C30E1D65C6850049BF3C /* PBXTargetDependency */ = {
			isa = PBXTargetDependency;
			name = QRCTCamera;
			targetProxy = BE30C30D1D65C6850049BF3C /* PBXContainerItemProxy */;
		};
		BE30C3121D65C6850049BF3C /* PBXTargetDependency */ = {
			isa = PBXTargetDependency;
			name = QRCTToast;
			targetProxy = BE30C3111D65C6850049BF3C /* PBXContainerItemProxy */;
		};
		BE563FBA1D780BDA00B5DE1B /* PBXTargetDependency */ = {
			isa = PBXTargetDependency;
			name = QRCTTextInput;
			targetProxy = BE563FB91D780BDA00B5DE1B /* PBXContainerItemProxy */;
		};
/* End PBXTargetDependency section */

/* Begin PBXVariantGroup section */
		F9314D961C46365B009652EF /* LaunchScreen.storyboard */ = {
			isa = PBXVariantGroup;
			children = (
				F9314D971C46365B009652EF /* Base */,
			);
			name = LaunchScreen.storyboard;
			sourceTree = "<group>";
		};
/* End PBXVariantGroup section */

/* Begin XCBuildConfiguration section */
		71DDD5F81C9BF86000AFE0C2 /* Debug */ = {
			isa = XCBuildConfiguration;
			buildSettings = {
				CODE_SIGN_IDENTITY = "-";
				COMBINE_HIDPI_IMAGES = YES;
				INFOPLIST_FILE = ReactNativeBundle/Info.plist;
				INSTALL_PATH = "$(LOCAL_LIBRARY_DIR)/Bundles";
				MACOSX_DEPLOYMENT_TARGET = 10.11;
				PRODUCT_BUNDLE_IDENTIFIER = Qunar.ReactNativeBundle;
				PRODUCT_NAME = "$(TARGET_NAME)";
				SDKROOT = iphoneos;
				SKIP_INSTALL = YES;
				WRAPPER_EXTENSION = bundle;
			};
			name = Debug;
		};
		71DDD5F91C9BF86000AFE0C2 /* Release */ = {
			isa = XCBuildConfiguration;
			buildSettings = {
				CODE_SIGN_IDENTITY = "-";
				COMBINE_HIDPI_IMAGES = YES;
				INFOPLIST_FILE = ReactNativeBundle/Info.plist;
				INSTALL_PATH = "$(LOCAL_LIBRARY_DIR)/Bundles";
				MACOSX_DEPLOYMENT_TARGET = 10.11;
				PRODUCT_BUNDLE_IDENTIFIER = Qunar.ReactNativeBundle;
				PRODUCT_NAME = "$(TARGET_NAME)";
				SDKROOT = iphoneos;
				SKIP_INSTALL = YES;
				WRAPPER_EXTENSION = bundle;
			};
			name = Release;
		};
		F9314D9A1C46365B009652EF /* Debug */ = {
			isa = XCBuildConfiguration;
			buildSettings = {
				ALWAYS_SEARCH_USER_PATHS = NO;
				CLANG_CXX_LANGUAGE_STANDARD = "gnu++0x";
				CLANG_CXX_LIBRARY = "libc++";
				CLANG_ENABLE_MODULES = YES;
				CLANG_ENABLE_OBJC_ARC = YES;
				CLANG_WARN_BOOL_CONVERSION = YES;
				CLANG_WARN_CONSTANT_CONVERSION = YES;
				CLANG_WARN_DIRECT_OBJC_ISA_USAGE = YES_ERROR;
				CLANG_WARN_EMPTY_BODY = YES;
				CLANG_WARN_ENUM_CONVERSION = YES;
				CLANG_WARN_INT_CONVERSION = YES;
				CLANG_WARN_OBJC_ROOT_CLASS = YES_ERROR;
				CLANG_WARN_UNREACHABLE_CODE = YES;
				CLANG_WARN__DUPLICATE_METHOD_MATCH = YES;
				"CODE_SIGN_IDENTITY[sdk=iphoneos*]" = "iPhone Developer";
				COPY_PHASE_STRIP = NO;
				DEBUG_INFORMATION_FORMAT = dwarf;
				ENABLE_STRICT_OBJC_MSGSEND = YES;
				ENABLE_TESTABILITY = YES;
				GCC_C_LANGUAGE_STANDARD = gnu99;
				GCC_DYNAMIC_NO_PIC = NO;
				GCC_NO_COMMON_BLOCKS = YES;
				GCC_OPTIMIZATION_LEVEL = 0;
				GCC_PREPROCESSOR_DEFINITIONS = (
					"DEBUG=1",
					"$(inherited)",
				);
				GCC_WARN_64_TO_32_BIT_CONVERSION = YES;
				GCC_WARN_ABOUT_RETURN_TYPE = YES_ERROR;
				GCC_WARN_UNDECLARED_SELECTOR = YES;
				GCC_WARN_UNINITIALIZED_AUTOS = YES_AGGRESSIVE;
				GCC_WARN_UNUSED_FUNCTION = YES;
				GCC_WARN_UNUSED_VARIABLE = YES;
				IPHONEOS_DEPLOYMENT_TARGET = 9.2;
				MTL_ENABLE_DEBUG_INFO = YES;
				ONLY_ACTIVE_ARCH = YES;
				SDKROOT = iphoneos;
				TARGETED_DEVICE_FAMILY = "1,2";
			};
			name = Debug;
		};
		F9314D9B1C46365B009652EF /* Release */ = {
			isa = XCBuildConfiguration;
			buildSettings = {
				ALWAYS_SEARCH_USER_PATHS = NO;
				CLANG_CXX_LANGUAGE_STANDARD = "gnu++0x";
				CLANG_CXX_LIBRARY = "libc++";
				CLANG_ENABLE_MODULES = YES;
				CLANG_ENABLE_OBJC_ARC = YES;
				CLANG_WARN_BOOL_CONVERSION = YES;
				CLANG_WARN_CONSTANT_CONVERSION = YES;
				CLANG_WARN_DIRECT_OBJC_ISA_USAGE = YES_ERROR;
				CLANG_WARN_EMPTY_BODY = YES;
				CLANG_WARN_ENUM_CONVERSION = YES;
				CLANG_WARN_INT_CONVERSION = YES;
				CLANG_WARN_OBJC_ROOT_CLASS = YES_ERROR;
				CLANG_WARN_UNREACHABLE_CODE = YES;
				CLANG_WARN__DUPLICATE_METHOD_MATCH = YES;
				"CODE_SIGN_IDENTITY[sdk=iphoneos*]" = "iPhone Developer";
				COPY_PHASE_STRIP = NO;
				DEBUG_INFORMATION_FORMAT = "dwarf-with-dsym";
				ENABLE_NS_ASSERTIONS = NO;
				ENABLE_STRICT_OBJC_MSGSEND = YES;
				GCC_C_LANGUAGE_STANDARD = gnu99;
				GCC_NO_COMMON_BLOCKS = YES;
				GCC_WARN_64_TO_32_BIT_CONVERSION = YES;
				GCC_WARN_ABOUT_RETURN_TYPE = YES_ERROR;
				GCC_WARN_UNDECLARED_SELECTOR = YES;
				GCC_WARN_UNINITIALIZED_AUTOS = YES_AGGRESSIVE;
				GCC_WARN_UNUSED_FUNCTION = YES;
				GCC_WARN_UNUSED_VARIABLE = YES;
				IPHONEOS_DEPLOYMENT_TARGET = 9.2;
				MTL_ENABLE_DEBUG_INFO = NO;
				SDKROOT = iphoneos;
				TARGETED_DEVICE_FAMILY = "1,2";
				VALIDATE_PRODUCT = YES;
			};
			name = Release;
		};
		F9314D9D1C46365B009652EF /* Debug */ = {
			isa = XCBuildConfiguration;
			buildSettings = {
				ASSETCATALOG_COMPILER_APPICON_NAME = AppIcon;
				CLANG_CXX_LANGUAGE_STANDARD = "gnu++0x";
				CODE_SIGN_IDENTITY = "iPhone Developer";
				"CODE_SIGN_IDENTITY[sdk=iphoneos*]" = "iPhone Developer";
				HEADER_SEARCH_PATHS = "../../../React/**";
				INFOPLIST_FILE = ReactNativePlayground/Info.plist;
				IPHONEOS_DEPLOYMENT_TARGET = 7.0;
				LD_RUNPATH_SEARCH_PATHS = "$(inherited) @executable_path/Frameworks";
				OTHER_LDFLAGS = (
					"-ObjC",
					"-lc++",
				);
				PRODUCT_BUNDLE_IDENTIFIER = com.qunar.rn.ReactNativePlaygeeroundYwz;
				PRODUCT_NAME = "$(TARGET_NAME)";
				PROVISIONING_PROFILE = "";
			};
			name = Debug;
		};
		F9314D9E1C46365B009652EF /* Release */ = {
			isa = XCBuildConfiguration;
			buildSettings = {
				ASSETCATALOG_COMPILER_APPICON_NAME = AppIcon;
				CLANG_CXX_LANGUAGE_STANDARD = "gnu++0x";
				CODE_SIGN_IDENTITY = "iPhone Developer";
				"CODE_SIGN_IDENTITY[sdk=iphoneos*]" = "iPhone Developer";
				HEADER_SEARCH_PATHS = "../../../React/**";
				INFOPLIST_FILE = ReactNativePlayground/Info.plist;
				IPHONEOS_DEPLOYMENT_TARGET = 7.0;
				LD_RUNPATH_SEARCH_PATHS = "$(inherited) @executable_path/Frameworks";
				OTHER_LDFLAGS = (
					"-ObjC",
					"-lc++",
				);
				PRODUCT_BUNDLE_IDENTIFIER = com.qunar.rn.ReactNativePlaygeeroundYwz;
				PRODUCT_NAME = "$(TARGET_NAME)";
				PROVISIONING_PROFILE = "";
			};
			name = Release;
		};
/* End XCBuildConfiguration section */

/* Begin XCConfigurationList section */
		71DDD60C1C9BF86000AFE0C2 /* Build configuration list for PBXNativeTarget "ReactNativeBundle" */ = {
			isa = XCConfigurationList;
			buildConfigurations = (
				71DDD5F81C9BF86000AFE0C2 /* Debug */,
				71DDD5F91C9BF86000AFE0C2 /* Release */,
			);
			defaultConfigurationIsVisible = 0;
			defaultConfigurationName = Release;
		};
		F9314D801C46365B009652EF /* Build configuration list for PBXProject "ReactNativePlayground" */ = {
			isa = XCConfigurationList;
			buildConfigurations = (
				F9314D9A1C46365B009652EF /* Debug */,
				F9314D9B1C46365B009652EF /* Release */,
			);
			defaultConfigurationIsVisible = 0;
			defaultConfigurationName = Release;
		};
		F9314D9C1C46365B009652EF /* Build configuration list for PBXNativeTarget "ReactNativePlayground" */ = {
			isa = XCConfigurationList;
			buildConfigurations = (
				F9314D9D1C46365B009652EF /* Debug */,
				F9314D9E1C46365B009652EF /* Release */,
			);
			defaultConfigurationIsVisible = 0;
			defaultConfigurationName = Release;
		};
/* End XCConfigurationList section */
	};
	rootObject = F9314D7D1C46365B009652EF /* Project object */;
}
