// !$*UTF8*$!
{
	archiveVersion = 1;
	classes = {
	};
	objectVersion = 46;
	objects = {

/* Begin PBXBuildFile section */
		F9D19C3A1C101CD8006CDBD7 /* QRCTPhotoManager.h in CopyFiles */ = {isa = PBXBuildFile; fileRef = F9D19C391C101CD8006CDBD7 /* QRCTPhotoManager.h */; };
		F9D19C3C1C101CD8006CDBD7 /* QRCTPhotoManager.m in Sources */ = {isa = PBXBuildFile; fileRef = F9D19C3B1C101CD8006CDBD7 /* QRCTPhotoManager.m */; };
/* End PBXBuildFile section */

/* Begin PBXCopyFilesBuildPhase section */
		F9D19C341C101CD8006CDBD7 /* CopyFiles */ = {
			isa = PBXCopyFilesBuildPhase;
			buildActionMask = 2147483647;
			dstPath = "include/$(PRODUCT_NAME)";
			dstSubfolderSpec = 16;
			files = (
				F9D19C3A1C101CD8006CDBD7 /* QRCTPhotoManager.h in CopyFiles */,
			);
			runOnlyForDeploymentPostprocessing = 0;
		};
/* End PBXCopyFilesBuildPhase section */

/* Begin PBXFileReference section */
		F9D19C361C101CD8006CDBD7 /* libQRCTPhoto.a */ = {isa = PBXFileReference; explicitFileType = archive.ar; includeInIndex = 0; path = libQRCTPhoto.a; sourceTree = BUILT_PRODUCTS_DIR; };
		F9D19C391C101CD8006CDBD7 /* QRCTPhotoManager.h */ = {isa = PBXFileReference; lastKnownFileType = sourcecode.c.h; path = QRCTPhotoManager.h; sourceTree = "<group>"; };
		F9D19C3B1C101CD8006CDBD7 /* QRCTPhotoManager.m */ = {isa = PBXFileReference; lastKnownFileType = sourcecode.c.objc; path = QRCTPhotoManager.m; sourceTree = "<group>"; };
/* End PBXFileReference section */

/* Begin PBXFrameworksBuildPhase section */
		F9D19C331C101CD8006CDBD7 /* Frameworks */ = {
			isa = PBXFrameworksBuildPhase;
			buildActionMask = 2147483647;
			files = (
			);
			runOnlyForDeploymentPostprocessing = 0;
		};
/* End PBXFrameworksBuildPhase section */

/* Begin PBXGroup section */
		F9D19C2D1C101CD8006CDBD7 = {
			isa = PBXGroup;
			children = (
				F9D19C381C101CD8006CDBD7 /* QRCTPhoto */,
				F9D19C371C101CD8006CDBD7 /* Products */,
			);
			sourceTree = "<group>";
		};
		F9D19C371C101CD8006CDBD7 /* Products */ = {
			isa = PBXGroup;
			children = (
				F9D19C361C101CD8006CDBD7 /* libQRCTPhoto.a */,
			);
			name = Products;
			sourceTree = "<group>";
		};
		F9D19C381C101CD8006CDBD7 /* QRCTPhoto */ = {
			isa = PBXGroup;
			children = (
				F9D19C391C101CD8006CDBD7 /* QRCTPhotoManager.h */,
				F9D19C3B1C101CD8006CDBD7 /* QRCTPhotoManager.m */,
			);
			path = QRCTPhoto;
			sourceTree = "<group>";
		};
/* End PBXGroup section */

/* Begin PBXNativeTarget section */
		F9D19C351C101CD8006CDBD7 /* QRCTPhoto */ = {
			isa = PBXNativeTarget;
			buildConfigurationList = F9D19C3F1C101CD8006CDBD7 /* Build configuration list for PBXNativeTarget "QRCTPhoto" */;
			buildPhases = (
				F9D19C321C101CD8006CDBD7 /* Sources */,
				F9D19C331C101CD8006CDBD7 /* Frameworks */,
				F9D19C341C101CD8006CDBD7 /* CopyFiles */,
			);
			buildRules = (
			);
			dependencies = (
			);
			name = QRCTPhoto;
			productName = QRCTPhoto;
			productReference = F9D19C361C101CD8006CDBD7 /* libQRCTPhoto.a */;
			productType = "com.apple.product-type.library.static";
		};
/* End PBXNativeTarget section */

/* Begin PBXProject section */
		F9D19C2E1C101CD8006CDBD7 /* Project object */ = {
			isa = PBXProject;
			attributes = {
				LastUpgradeCheck = 0710;
				ORGANIZATIONNAME = qunar.com;
				TargetAttributes = {
					F9D19C351C101CD8006CDBD7 = {
						CreatedOnToolsVersion = 7.1.1;
					};
				};
			};
			buildConfigurationList = F9D19C311C101CD8006CDBD7 /* Build configuration list for PBXProject "QRCTPhoto" */;
			compatibilityVersion = "Xcode 3.2";
			developmentRegion = English;
			hasScannedForEncodings = 0;
			knownRegions = (
				en,
			);
			mainGroup = F9D19C2D1C101CD8006CDBD7;
			productRefGroup = F9D19C371C101CD8006CDBD7 /* Products */;
			projectDirPath = "";
			projectRoot = "";
			targets = (
				F9D19C351C101CD8006CDBD7 /* QRCTPhoto */,
			);
		};
/* End PBXProject section */

/* Begin PBXSourcesBuildPhase section */
		F9D19C321C101CD8006CDBD7 /* Sources */ = {
			isa = PBXSourcesBuildPhase;
			buildActionMask = 2147483647;
			files = (
				F9D19C3C1C101CD8006CDBD7 /* QRCTPhotoManager.m in Sources */,
			);
			runOnlyForDeploymentPostprocessing = 0;
		};
/* End PBXSourcesBuildPhase section */

/* Begin XCBuildConfiguration section */
		F9D19C3D1C101CD8006CDBD7 /* Debug */ = {
			isa = XCBuildConfiguration;
			buildSettings = {
				ALWAYS_SEARCH_USER_PATHS = NO;
				CLANG_CXX_LANGUAGE_STANDARD = "gnu++0x";
				CLANG_CXX_LIBRARY = "libc++";
				CLANG_ENABLE_MODULES = YES;
				CLANG_ENABLE_OBJC_ARC = YES;
				CLANG_WARN_BOOL_CONVERSION = YES;
				CLANG_WARN_CONSTANT_CONVERSION = YES;
				CLANG_WARN_DIRECT_OBJC_ISA_USAGE = YES_ERROR;
				CLANG_WARN_EMPTY_BODY = YES;
				CLANG_WARN_ENUM_CONVERSION = YES;
				CLANG_WARN_INT_CONVERSION = YES;
				CLANG_WARN_OBJC_ROOT_CLASS = YES_ERROR;
				CLANG_WARN_UNREACHABLE_CODE = YES;
				CLANG_WARN__DUPLICATE_METHOD_MATCH = YES;
				"CODE_SIGN_IDENTITY[sdk=iphoneos*]" = "iPhone Developer";
				COPY_PHASE_STRIP = NO;
				DEBUG_INFORMATION_FORMAT = dwarf;
				ENABLE_STRICT_OBJC_MSGSEND = YES;
				ENABLE_TESTABILITY = YES;
				GCC_C_LANGUAGE_STANDARD = gnu99;
				GCC_DYNAMIC_NO_PIC = NO;
				GCC_NO_COMMON_BLOCKS = YES;
				GCC_OPTIMIZATION_LEVEL = 0;
				GCC_PREPROCESSOR_DEFINITIONS = (
					"DEBUG=1",
					"$(inherited)",
				);
				GCC_WARN_64_TO_32_BIT_CONVERSION = YES;
				GCC_WARN_ABOUT_RETURN_TYPE = YES_ERROR;
				GCC_WARN_UNDECLARED_SELECTOR = YES;
				GCC_WARN_UNINITIALIZED_AUTOS = YES_AGGRESSIVE;
				GCC_WARN_UNUSED_FUNCTION = YES;
				GCC_WARN_UNUSED_VARIABLE = YES;
				IPHONEOS_DEPLOYMENT_TARGET = 7.0;
				MTL_ENABLE_DEBUG_INFO = YES;
				ONLY_ACTIVE_ARCH = YES;
				SDKROOT = iphoneos;
			};
			name = Debug;
		};
		F9D19C3E1C101CD8006CDBD7 /* Release */ = {
			isa = XCBuildConfiguration;
			buildSettings = {
				ALWAYS_SEARCH_USER_PATHS = NO;
				CLANG_CXX_LANGUAGE_STANDARD = "gnu++0x";
				CLANG_CXX_LIBRARY = "libc++";
				CLANG_ENABLE_MODULES = YES;
				CLANG_ENABLE_OBJC_ARC = YES;
				CLANG_WARN_BOOL_CONVERSION = YES;
				CLANG_WARN_CONSTANT_CONVERSION = YES;
				CLANG_WARN_DIRECT_OBJC_ISA_USAGE = YES_ERROR;
				CLANG_WARN_EMPTY_BODY = YES;
				CLANG_WARN_ENUM_CONVERSION = YES;
				CLANG_WARN_INT_CONVERSION = YES;
				CLANG_WARN_OBJC_ROOT_CLASS = YES_ERROR;
				CLANG_WARN_UNREACHABLE_CODE = YES;
				CLANG_WARN__DUPLICATE_METHOD_MATCH = YES;
				"CODE_SIGN_IDENTITY[sdk=iphoneos*]" = "iPhone Developer";
				COPY_PHASE_STRIP = NO;
				DEBUG_INFORMATION_FORMAT = "dwarf-with-dsym";
				ENABLE_NS_ASSERTIONS = NO;
				ENABLE_STRICT_OBJC_MSGSEND = YES;
				GCC_C_LANGUAGE_STANDARD = gnu99;
				GCC_NO_COMMON_BLOCKS = YES;
				GCC_WARN_64_TO_32_BIT_CONVERSION = YES;
				GCC_WARN_ABOUT_RETURN_TYPE = YES_ERROR;
				GCC_WARN_UNDECLARED_SELECTOR = YES;
				GCC_WARN_UNINITIALIZED_AUTOS = YES_AGGRESSIVE;
				GCC_WARN_UNUSED_FUNCTION = YES;
				GCC_WARN_UNUSED_VARIABLE = YES;
				IPHONEOS_DEPLOYMENT_TARGET = 7.0;
				MTL_ENABLE_DEBUG_INFO = NO;
				SDKROOT = iphoneos;
				VALIDATE_PRODUCT = YES;
			};
			name = Release;
		};
		F9D19C401C101CD8006CDBD7 /* Debug */ = {
			isa = XCBuildConfiguration;
			buildSettings = {
				HEADER_SEARCH_PATHS = (
					"${SRCROOT}/../../../React/**",
					"${SRCROOT}/../../../Libraries/**",
				);
				IPHONEOS_DEPLOYMENT_TARGET = 7.0;
				OTHER_LDFLAGS = "-ObjC";
				PRODUCT_NAME = "$(TARGET_NAME)";
				SKIP_INSTALL = YES;
			};
			name = Debug;
		};
		F9D19C411C101CD8006CDBD7 /* Release */ = {
			isa = XCBuildConfiguration;
			buildSettings = {
				HEADER_SEARCH_PATHS = (
					"${SRCROOT}/../../../React/**",
					"${SRCROOT}/../../../Libraries/**",
				);
				IPHONEOS_DEPLOYMENT_TARGET = 7.0;
				OTHER_LDFLAGS = "-ObjC";
				PRODUCT_NAME = "$(TARGET_NAME)";
				SKIP_INSTALL = YES;
			};
			name = Release;
		};
/* End XCBuildConfiguration section */

/* Begin XCConfigurationList section */
		F9D19C311C101CD8006CDBD7 /* Build configuration list for PBXProject "QRCTPhoto" */ = {
			isa = XCConfigurationList;
			buildConfigurations = (
				F9D19C3D1C101CD8006CDBD7 /* Debug */,
				F9D19C3E1C101CD8006CDBD7 /* Release */,
			);
			defaultConfigurationIsVisible = 0;
			defaultConfigurationName = Release;
		};
		F9D19C3F1C101CD8006CDBD7 /* Build configuration list for PBXNativeTarget "QRCTPhoto" */ = {
			isa = XCConfigurationList;
			buildConfigurations = (
				F9D19C401C101CD8006CDBD7 /* Debug */,
				F9D19C411C101CD8006CDBD7 /* Release */,
			);
			defaultConfigurationIsVisible = 0;
			defaultConfigurationName = Release;
		};
/* End XCConfigurationList section */
	};
	rootObject = F9D19C2E1C101CD8006CDBD7 /* Project object */;
}
